// !$*UTF8*$!
{
	archiveVersion = 1;
	classes = {
	};
	objectVersion = 45;
	objects = {

/* Begin PBXBuildFile section */
		1D60589F0D05DD5A006BFB54 /* Foundation.framework in Frameworks */ = {isa = PBXBuildFile; fileRef = 1D30AB110D05D00D00671497 /* Foundation.framework */; };
		1DF5F4E00D08C38300B7A737 /* UIKit.framework in Frameworks */ = {isa = PBXBuildFile; fileRef = 1DF5F4DF0D08C38300B7A737 /* UIKit.framework */; };
		288765A50DF7441C002DB57D /* CoreGraphics.framework in Frameworks */ = {isa = PBXBuildFile; fileRef = 288765A40DF7441C002DB57D /* CoreGraphics.framework */; };
		E414867D0F0E2FED00B5D7FB /* Default.png in Resources */ = {isa = PBXBuildFile; fileRef = E414867B0F0E2FED00B5D7FB /* Default.png */; };
		E414867E0F0E2FED00B5D7FB /* icon.png in Resources */ = {isa = PBXBuildFile; fileRef = E414867C0F0E2FED00B5D7FB /* icon.png */; };
		E43EF122101E2312007A9CE7 /* Neptune.cpp in Sources */ = {isa = PBXBuildFile; fileRef = E43EF09C101E2312007A9CE7 /* Neptune.cpp */; };
		E43EF123101E2312007A9CE7 /* NptBase64.cpp in Sources */ = {isa = PBXBuildFile; fileRef = E43EF09F101E2312007A9CE7 /* NptBase64.cpp */; };
		E43EF124101E2312007A9CE7 /* NptBufferedStreams.cpp in Sources */ = {isa = PBXBuildFile; fileRef = E43EF0A1101E2312007A9CE7 /* NptBufferedStreams.cpp */; };
		E43EF125101E2312007A9CE7 /* NptCommon.cpp in Sources */ = {isa = PBXBuildFile; fileRef = E43EF0A3101E2312007A9CE7 /* NptCommon.cpp */; };
		E43EF126101E2312007A9CE7 /* NptConsole.cpp in Sources */ = {isa = PBXBuildFile; fileRef = E43EF0A6101E2312007A9CE7 /* NptConsole.cpp */; };
		E43EF127101E2312007A9CE7 /* NptDataBuffer.cpp in Sources */ = {isa = PBXBuildFile; fileRef = E43EF0A9101E2312007A9CE7 /* NptDataBuffer.cpp */; };
		E43EF128101E2312007A9CE7 /* NptDebug.cpp in Sources */ = {isa = PBXBuildFile; fileRef = E43EF0AB101E2312007A9CE7 /* NptDebug.cpp */; };
		E43EF129101E2312007A9CE7 /* NptDynamicLibraries.cpp in Sources */ = {isa = PBXBuildFile; fileRef = E43EF0AF101E2312007A9CE7 /* NptDynamicLibraries.cpp */; };
		E43EF12A101E2312007A9CE7 /* NptFile.cpp in Sources */ = {isa = PBXBuildFile; fileRef = E43EF0B1101E2312007A9CE7 /* NptFile.cpp */; };
		E43EF12B101E2312007A9CE7 /* NptHttp.cpp in Sources */ = {isa = PBXBuildFile; fileRef = E43EF0B3101E2312007A9CE7 /* NptHttp.cpp */; };
		E43EF12C101E2312007A9CE7 /* NptList.cpp in Sources */ = {isa = PBXBuildFile; fileRef = E43EF0B6101E2312007A9CE7 /* NptList.cpp */; };
		E43EF12D101E2312007A9CE7 /* NptLogging.cpp in Sources */ = {isa = PBXBuildFile; fileRef = E43EF0B8101E2312007A9CE7 /* NptLogging.cpp */; };
		E43EF12E101E2312007A9CE7 /* NptMessaging.cpp in Sources */ = {isa = PBXBuildFile; fileRef = E43EF0BB101E2312007A9CE7 /* NptMessaging.cpp */; };
		E43EF12F101E2312007A9CE7 /* NptNetwork.cpp in Sources */ = {isa = PBXBuildFile; fileRef = E43EF0BD101E2312007A9CE7 /* NptNetwork.cpp */; };
		E43EF130101E2312007A9CE7 /* NptQueue.cpp in Sources */ = {isa = PBXBuildFile; fileRef = E43EF0BF101E2312007A9CE7 /* NptQueue.cpp */; };
		E43EF131101E2312007A9CE7 /* NptResults.cpp in Sources */ = {isa = PBXBuildFile; fileRef = E43EF0C2101E2312007A9CE7 /* NptResults.cpp */; };
		E43EF132101E2312007A9CE7 /* NptRingBuffer.cpp in Sources */ = {isa = PBXBuildFile; fileRef = E43EF0C4101E2312007A9CE7 /* NptRingBuffer.cpp */; };
		E43EF133101E2312007A9CE7 /* NptSimpleMessageQueue.cpp in Sources */ = {isa = PBXBuildFile; fileRef = E43EF0C8101E2312007A9CE7 /* NptSimpleMessageQueue.cpp */; };
		E43EF134101E2312007A9CE7 /* NptSockets.cpp in Sources */ = {isa = PBXBuildFile; fileRef = E43EF0CA101E2312007A9CE7 /* NptSockets.cpp */; };
		E43EF135101E2312007A9CE7 /* NptStreams.cpp in Sources */ = {isa = PBXBuildFile; fileRef = E43EF0CD101E2312007A9CE7 /* NptStreams.cpp */; };
		E43EF136101E2312007A9CE7 /* NptStrings.cpp in Sources */ = {isa = PBXBuildFile; fileRef = E43EF0CF101E2312007A9CE7 /* NptStrings.cpp */; };
		E43EF137101E2312007A9CE7 /* NptSystem.cpp in Sources */ = {isa = PBXBuildFile; fileRef = E43EF0D1101E2312007A9CE7 /* NptSystem.cpp */; };
		E43EF138101E2312007A9CE7 /* NptThreads.cpp in Sources */ = {isa = PBXBuildFile; fileRef = E43EF0D3101E2312007A9CE7 /* NptThreads.cpp */; };
		E43EF139101E2312007A9CE7 /* NptTime.cpp in Sources */ = {isa = PBXBuildFile; fileRef = E43EF0D5101E2312007A9CE7 /* NptTime.cpp */; };
		E43EF13A101E2312007A9CE7 /* NptTls.cpp in Sources */ = {isa = PBXBuildFile; fileRef = E43EF0D7101E2312007A9CE7 /* NptTls.cpp */; };
		E43EF13B101E2312007A9CE7 /* NptUri.cpp in Sources */ = {isa = PBXBuildFile; fileRef = E43EF0DA101E2312007A9CE7 /* NptUri.cpp */; };
		E43EF13C101E2312007A9CE7 /* NptUtils.cpp in Sources */ = {isa = PBXBuildFile; fileRef = E43EF0DC101E2312007A9CE7 /* NptUtils.cpp */; };
		E43EF13D101E2312007A9CE7 /* NptXml.cpp in Sources */ = {isa = PBXBuildFile; fileRef = E43EF0DF101E2312007A9CE7 /* NptXml.cpp */; };
		E43EF13E101E2312007A9CE7 /* NptZip.cpp in Sources */ = {isa = PBXBuildFile; fileRef = E43EF0E1101E2312007A9CE7 /* NptZip.cpp */; };
		E43EF140101E2312007A9CE7 /* NptBsdNetwork.cpp in Sources */ = {isa = PBXBuildFile; fileRef = E43EF0E7101E2312007A9CE7 /* NptBsdNetwork.cpp */; };
		E43EF141101E2312007A9CE7 /* NptBsdSockets.cpp in Sources */ = {isa = PBXBuildFile; fileRef = E43EF0E8101E2312007A9CE7 /* NptBsdSockets.cpp */; };
		E43EF149101E2312007A9CE7 /* NptPosixDynamicLibraries.cpp in Sources */ = {isa = PBXBuildFile; fileRef = E43EF0F4101E2312007A9CE7 /* NptPosixDynamicLibraries.cpp */; };
		E43EF14A101E2312007A9CE7 /* NptPosixFile.cpp in Sources */ = {isa = PBXBuildFile; fileRef = E43EF0F5101E2312007A9CE7 /* NptPosixFile.cpp */; };
		E43EF14B101E2312007A9CE7 /* NptPosixNetwork.cpp in Sources */ = {isa = PBXBuildFile; fileRef = E43EF0F6101E2312007A9CE7 /* NptPosixNetwork.cpp */; };
		E43EF14C101E2312007A9CE7 /* NptPosixQueue.cpp in Sources */ = {isa = PBXBuildFile; fileRef = E43EF0F7101E2312007A9CE7 /* NptPosixQueue.cpp */; };
		E43EF14D101E2312007A9CE7 /* NptPosixSystem.cpp in Sources */ = {isa = PBXBuildFile; fileRef = E43EF0F8101E2312007A9CE7 /* NptPosixSystem.cpp */; };
		E43EF14E101E2312007A9CE7 /* NptPosixThreads.cpp in Sources */ = {isa = PBXBuildFile; fileRef = E43EF0F9101E2312007A9CE7 /* NptPosixThreads.cpp */; };
		E43EF14F101E2312007A9CE7 /* NptSelectableMessageQueue.cpp in Sources */ = {isa = PBXBuildFile; fileRef = E43EF0FA101E2312007A9CE7 /* NptSelectableMessageQueue.cpp */; };
		E43EF158101E2312007A9CE7 /* NptStdcDebug.cpp in Sources */ = {isa = PBXBuildFile; fileRef = E43EF106101E2312007A9CE7 /* NptStdcDebug.cpp */; };
		E43EF159101E2312007A9CE7 /* NptStdcEnvironment.cpp in Sources */ = {isa = PBXBuildFile; fileRef = E43EF107101E2312007A9CE7 /* NptStdcEnvironment.cpp */; };
		E43EF15A101E2312007A9CE7 /* NptStdcFile.cpp in Sources */ = {isa = PBXBuildFile; fileRef = E43EF108101E2312007A9CE7 /* NptStdcFile.cpp */; };
		E45AAF020F1C64FA009CEE37 /* PltAction.cpp in Sources */ = {isa = PBXBuildFile; fileRef = E45AAECE0F1C64FA009CEE37 /* PltAction.cpp */; };
		E45AAF030F1C64FA009CEE37 /* PltArgument.cpp in Sources */ = {isa = PBXBuildFile; fileRef = E45AAED00F1C64FA009CEE37 /* PltArgument.cpp */; };
		E45AAF040F1C64FA009CEE37 /* PltCtrlPoint.cpp in Sources */ = {isa = PBXBuildFile; fileRef = E45AAED20F1C64FA009CEE37 /* PltCtrlPoint.cpp */; };
		E45AAF050F1C64FA009CEE37 /* PltCtrlPointTask.cpp in Sources */ = {isa = PBXBuildFile; fileRef = E45AAED40F1C64FA009CEE37 /* PltCtrlPointTask.cpp */; };
		E45AAF060F1C64FA009CEE37 /* PltDatagramStream.cpp in Sources */ = {isa = PBXBuildFile; fileRef = E45AAED60F1C64FA009CEE37 /* PltDatagramStream.cpp */; };
		E45AAF070F1C64FA009CEE37 /* PltDeviceData.cpp in Sources */ = {isa = PBXBuildFile; fileRef = E45AAED80F1C64FA009CEE37 /* PltDeviceData.cpp */; };
		E45AAF080F1C64FA009CEE37 /* PltDeviceHost.cpp in Sources */ = {isa = PBXBuildFile; fileRef = E45AAEDA0F1C64FA009CEE37 /* PltDeviceHost.cpp */; };
		E45AAF090F1C64FA009CEE37 /* PltDownloader.cpp in Sources */ = {isa = PBXBuildFile; fileRef = E45AAEDC0F1C64FA009CEE37 /* PltDownloader.cpp */; };
		E45AAF0A0F1C64FA009CEE37 /* PltEvent.cpp in Sources */ = {isa = PBXBuildFile; fileRef = E45AAEDE0F1C64FA009CEE37 /* PltEvent.cpp */; };
		E45AAF0B0F1C64FA009CEE37 /* PltHttp.cpp in Sources */ = {isa = PBXBuildFile; fileRef = E45AAEE00F1C64FA009CEE37 /* PltHttp.cpp */; };
		E45AAF0C0F1C64FA009CEE37 /* PltHttpClientTask.cpp in Sources */ = {isa = PBXBuildFile; fileRef = E45AAEE20F1C64FA009CEE37 /* PltHttpClientTask.cpp */; };
		E45AAF0D0F1C64FA009CEE37 /* PltHttpServer.cpp in Sources */ = {isa = PBXBuildFile; fileRef = E45AAEE40F1C64FA009CEE37 /* PltHttpServer.cpp */; };
		E45AAF0E0F1C64FA009CEE37 /* PltHttpServerTask.cpp in Sources */ = {isa = PBXBuildFile; fileRef = E45AAEE70F1C64FA009CEE37 /* PltHttpServerTask.cpp */; };
		E45AAF0F0F1C64FA009CEE37 /* PltLeaks.cpp in Sources */ = {isa = PBXBuildFile; fileRef = E45AAEE90F1C64FA009CEE37 /* PltLeaks.cpp */; };
		E45AAF100F1C64FA009CEE37 /* PltMetadataHandler.cpp in Sources */ = {isa = PBXBuildFile; fileRef = E45AAEEB0F1C64FA009CEE37 /* PltMetadataHandler.cpp */; };
		E45AAF110F1C64FA009CEE37 /* PltRingBufferStream.cpp in Sources */ = {isa = PBXBuildFile; fileRef = E45AAEED0F1C64FA009CEE37 /* PltRingBufferStream.cpp */; };
		E45AAF120F1C64FA009CEE37 /* PltService.cpp in Sources */ = {isa = PBXBuildFile; fileRef = E45AAEEF0F1C64FA009CEE37 /* PltService.cpp */; };
		E45AAF130F1C64FA009CEE37 /* PltSsdp.cpp in Sources */ = {isa = PBXBuildFile; fileRef = E45AAEF10F1C64FA009CEE37 /* PltSsdp.cpp */; };
		E45AAF140F1C64FA009CEE37 /* PltStateVariable.cpp in Sources */ = {isa = PBXBuildFile; fileRef = E45AAEF40F1C64FA009CEE37 /* PltStateVariable.cpp */; };
		E45AAF150F1C64FA009CEE37 /* PltStreamPump.cpp in Sources */ = {isa = PBXBuildFile; fileRef = E45AAEF60F1C64FA009CEE37 /* PltStreamPump.cpp */; };
		E45AAF160F1C64FA009CEE37 /* PltTaskManager.cpp in Sources */ = {isa = PBXBuildFile; fileRef = E45AAEF80F1C64FA009CEE37 /* PltTaskManager.cpp */; };
		E45AAF170F1C64FA009CEE37 /* PltThreadTask.cpp in Sources */ = {isa = PBXBuildFile; fileRef = E45AAEFA0F1C64FA009CEE37 /* PltThreadTask.cpp */; };
		E45AAF180F1C64FA009CEE37 /* PltUPnP.cpp in Sources */ = {isa = PBXBuildFile; fileRef = E45AAEFC0F1C64FA009CEE37 /* PltUPnP.cpp */; };
		E45AAF2C0F1C652A009CEE37 /* PltDidl.cpp in Sources */ = {isa = PBXBuildFile; fileRef = E45AAF1A0F1C652A009CEE37 /* PltDidl.cpp */; };
		E45AAF2D0F1C652A009CEE37 /* PltFileMediaServer.cpp in Sources */ = {isa = PBXBuildFile; fileRef = E45AAF1C0F1C652A009CEE37 /* PltFileMediaServer.cpp */; };
		E45AAF2E0F1C652A009CEE37 /* PltMediaBrowser.cpp in Sources */ = {isa = PBXBuildFile; fileRef = E45AAF1E0F1C652A009CEE37 /* PltMediaBrowser.cpp */; };
		E45AAF2F0F1C652A009CEE37 /* PltMediaCache.cpp in Sources */ = {isa = PBXBuildFile; fileRef = E45AAF210F1C652A009CEE37 /* PltMediaCache.cpp */; };
		E45AAF300F1C652A009CEE37 /* PltMediaItem.cpp in Sources */ = {isa = PBXBuildFile; fileRef = E45AAF230F1C652A009CEE37 /* PltMediaItem.cpp */; };
		E45AAF310F1C652A009CEE37 /* PltMediaPlaylist.cpp in Sources */ = {isa = PBXBuildFile; fileRef = E45AAF250F1C652A009CEE37 /* PltMediaPlaylist.cpp */; };
		E45AAF320F1C652A009CEE37 /* PltMediaServer.cpp in Sources */ = {isa = PBXBuildFile; fileRef = E45AAF270F1C652A009CEE37 /* PltMediaServer.cpp */; };
		E45AAF330F1C652A009CEE37 /* PltMediaServerSCPDs.cpp in Sources */ = {isa = PBXBuildFile; fileRef = E45AAF290F1C652A009CEE37 /* PltMediaServerSCPDs.cpp */; };
		E45AAF340F1C652A009CEE37 /* PltSyncMediaBrowser.cpp in Sources */ = {isa = PBXBuildFile; fileRef = E45AAF2A0F1C652A009CEE37 /* PltSyncMediaBrowser.cpp */; };
		E45AAF3A0F1C65A7009CEE37 /* main.mm in Sources */ = {isa = PBXBuildFile; fileRef = E45AAF370F1C65A7009CEE37 /* main.mm */; };
		E45AAF3B0F1C65A7009CEE37 /* ScreenSplitrApplication.mm in Sources */ = {isa = PBXBuildFile; fileRef = E45AAF380F1C65A7009CEE37 /* ScreenSplitrApplication.mm */; };
		E45AB0320F1C98E4009CEE37 /* SystemConfiguration.framework in Frameworks */ = {isa = PBXBuildFile; fileRef = E45AB0310F1C98E4009CEE37 /* SystemConfiguration.framework */; };
		E45AB0370F1C9A4A009CEE37 /* Bonjour.mm in Sources */ = {isa = PBXBuildFile; fileRef = E45AB0360F1C9A4A009CEE37 /* Bonjour.mm */; };
		E45AB0D80F1CAC7B009CEE37 /* PltFrameBuffer.cpp in Sources */ = {isa = PBXBuildFile; fileRef = E45AB0D20F1CAC7B009CEE37 /* PltFrameBuffer.cpp */; };
		E45AB0D90F1CAC7B009CEE37 /* PltFrameServer.cpp in Sources */ = {isa = PBXBuildFile; fileRef = E45AB0D40F1CAC7B009CEE37 /* PltFrameServer.cpp */; };
		E45AB0DA0F1CAC7B009CEE37 /* PltFrameStream.cpp in Sources */ = {isa = PBXBuildFile; fileRef = E45AB0D60F1CAC7B009CEE37 /* PltFrameStream.cpp */; };
		E48CB3B20F0C3A170074D25B /* MediaPlayer.framework in Frameworks */ = {isa = PBXBuildFile; fileRef = E48CB3B10F0C3A170074D25B /* MediaPlayer.framework */; };
		E4E0A0680FE9FE5B00CA6E83 /* PltConstants.cpp in Sources */ = {isa = PBXBuildFile; fileRef = E4E0A0650FE9FE5B00CA6E83 /* PltConstants.cpp */; };
		E4E0A0690FE9FE5B00CA6E83 /* PltIconsData.cpp in Sources */ = {isa = PBXBuildFile; fileRef = E4E0A0670FE9FE5B00CA6E83 /* PltIconsData.cpp */; };
		E4EA43FC0FF0B26900EE694B /* home.html in Resources */ = {isa = PBXBuildFile; fileRef = E4EA43FB0FF0B26900EE694B /* home.html */; };
		E4EA44720FF0BADE00EE694B /* ScreenSplitrScreenView.mm in Sources */ = {isa = PBXBuildFile; fileRef = E45AAF390F1C65A7009CEE37 /* ScreenSplitrScreenView.mm */; };
/* End PBXBuildFile section */

/* Begin PBXFileReference section */
		1D30AB110D05D00D00671497 /* Foundation.framework */ = {isa = PBXFileReference; lastKnownFileType = wrapper.framework; name = Foundation.framework; path = System/Library/Frameworks/Foundation.framework; sourceTree = SDKROOT; };
		1D6058910D05DD3D006BFB54 /* ScreenSplitr.app */ = {isa = PBXFileReference; explicitFileType = wrapper.application; includeInIndex = 0; path = ScreenSplitr.app; sourceTree = BUILT_PRODUCTS_DIR; };
		1DF5F4DF0D08C38300B7A737 /* UIKit.framework */ = {isa = PBXFileReference; lastKnownFileType = wrapper.framework; name = UIKit.framework; path = System/Library/Frameworks/UIKit.framework; sourceTree = SDKROOT; };
		288765A40DF7441C002DB57D /* CoreGraphics.framework */ = {isa = PBXFileReference; lastKnownFileType = wrapper.framework; name = CoreGraphics.framework; path = System/Library/Frameworks/CoreGraphics.framework; sourceTree = SDKROOT; };
		8D1107310486CEB800E47090 /* Info.plist */ = {isa = PBXFileReference; fileEncoding = 4; lastKnownFileType = text.plist.xml; path = Info.plist; sourceTree = "<group>"; };
		E414867B0F0E2FED00B5D7FB /* Default.png */ = {isa = PBXFileReference; lastKnownFileType = image.png; name = Default.png; path = resources/Default.png; sourceTree = "<group>"; };
		E414867C0F0E2FED00B5D7FB /* icon.png */ = {isa = PBXFileReference; lastKnownFileType = image.png; name = icon.png; path = resources/icon.png; sourceTree = "<group>"; };
		E43EEF57101E221F007A9CE7 /* Platinum.h */ = {isa = PBXFileReference; fileEncoding = 4; lastKnownFileType = sourcecode.c.h; path = Platinum.h; sourceTree = "<group>"; };
		E43EEF58101E221F007A9CE7 /* PltSvnVersion.h */ = {isa = PBXFileReference; fileEncoding = 4; lastKnownFileType = sourcecode.c.h; path = PltSvnVersion.h; sourceTree = "<group>"; };
		E43EEF59101E221F007A9CE7 /* PltVersion.h */ = {isa = PBXFileReference; fileEncoding = 4; lastKnownFileType = sourcecode.c.h; path = PltVersion.h; sourceTree = "<group>"; };
		E43EF09C101E2312007A9CE7 /* Neptune.cpp */ = {isa = PBXFileReference; fileEncoding = 4; lastKnownFileType = sourcecode.cpp.cpp; path = Neptune.cpp; sourceTree = "<group>"; };
		E43EF09D101E2312007A9CE7 /* Neptune.h */ = {isa = PBXFileReference; fileEncoding = 4; lastKnownFileType = sourcecode.c.h; path = Neptune.h; sourceTree = "<group>"; };
		E43EF09E101E2312007A9CE7 /* NptArray.h */ = {isa = PBXFileReference; fileEncoding = 4; lastKnownFileType = sourcecode.c.h; path = NptArray.h; sourceTree = "<group>"; };
		E43EF09F101E2312007A9CE7 /* NptBase64.cpp */ = {isa = PBXFileReference; fileEncoding = 4; lastKnownFileType = sourcecode.cpp.cpp; path = NptBase64.cpp; sourceTree = "<group>"; };
		E43EF0A0101E2312007A9CE7 /* NptBase64.h */ = {isa = PBXFileReference; fileEncoding = 4; lastKnownFileType = sourcecode.c.h; path = NptBase64.h; sourceTree = "<group>"; };
		E43EF0A1101E2312007A9CE7 /* NptBufferedStreams.cpp */ = {isa = PBXFileReference; fileEncoding = 4; lastKnownFileType = sourcecode.cpp.cpp; path = NptBufferedStreams.cpp; sourceTree = "<group>"; };
		E43EF0A2101E2312007A9CE7 /* NptBufferedStreams.h */ = {isa = PBXFileReference; fileEncoding = 4; lastKnownFileType = sourcecode.c.h; path = NptBufferedStreams.h; sourceTree = "<group>"; };
		E43EF0A3101E2312007A9CE7 /* NptCommon.cpp */ = {isa = PBXFileReference; fileEncoding = 4; lastKnownFileType = sourcecode.cpp.cpp; path = NptCommon.cpp; sourceTree = "<group>"; };
		E43EF0A4101E2312007A9CE7 /* NptCommon.h */ = {isa = PBXFileReference; fileEncoding = 4; lastKnownFileType = sourcecode.c.h; path = NptCommon.h; sourceTree = "<group>"; };
		E43EF0A5101E2312007A9CE7 /* NptConfig.h */ = {isa = PBXFileReference; fileEncoding = 4; lastKnownFileType = sourcecode.c.h; path = NptConfig.h; sourceTree = "<group>"; };
		E43EF0A6101E2312007A9CE7 /* NptConsole.cpp */ = {isa = PBXFileReference; fileEncoding = 4; lastKnownFileType = sourcecode.cpp.cpp; path = NptConsole.cpp; sourceTree = "<group>"; };
		E43EF0A7101E2312007A9CE7 /* NptConsole.h */ = {isa = PBXFileReference; fileEncoding = 4; lastKnownFileType = sourcecode.c.h; path = NptConsole.h; sourceTree = "<group>"; };
		E43EF0A8101E2312007A9CE7 /* NptConstants.h */ = {isa = PBXFileReference; fileEncoding = 4; lastKnownFileType = sourcecode.c.h; path = NptConstants.h; sourceTree = "<group>"; };
		E43EF0A9101E2312007A9CE7 /* NptDataBuffer.cpp */ = {isa = PBXFileReference; fileEncoding = 4; lastKnownFileType = sourcecode.cpp.cpp; path = NptDataBuffer.cpp; sourceTree = "<group>"; };
		E43EF0AA101E2312007A9CE7 /* NptDataBuffer.h */ = {isa = PBXFileReference; fileEncoding = 4; lastKnownFileType = sourcecode.c.h; path = NptDataBuffer.h; sourceTree = "<group>"; };
		E43EF0AB101E2312007A9CE7 /* NptDebug.cpp */ = {isa = PBXFileReference; fileEncoding = 4; lastKnownFileType = sourcecode.cpp.cpp; path = NptDebug.cpp; sourceTree = "<group>"; };
		E43EF0AC101E2312007A9CE7 /* NptDebug.h */ = {isa = PBXFileReference; fileEncoding = 4; lastKnownFileType = sourcecode.c.h; path = NptDebug.h; sourceTree = "<group>"; };
		E43EF0AD101E2312007A9CE7 /* NptDefs.h */ = {isa = PBXFileReference; fileEncoding = 4; lastKnownFileType = sourcecode.c.h; path = NptDefs.h; sourceTree = "<group>"; };
		E43EF0AE101E2312007A9CE7 /* NptDynamicCast.h */ = {isa = PBXFileReference; fileEncoding = 4; lastKnownFileType = sourcecode.c.h; path = NptDynamicCast.h; sourceTree = "<group>"; };
		E43EF0AF101E2312007A9CE7 /* NptDynamicLibraries.cpp */ = {isa = PBXFileReference; fileEncoding = 4; lastKnownFileType = sourcecode.cpp.cpp; path = NptDynamicLibraries.cpp; sourceTree = "<group>"; };
		E43EF0B0101E2312007A9CE7 /* NptDynamicLibraries.h */ = {isa = PBXFileReference; fileEncoding = 4; lastKnownFileType = sourcecode.c.h; path = NptDynamicLibraries.h; sourceTree = "<group>"; };
		E43EF0B1101E2312007A9CE7 /* NptFile.cpp */ = {isa = PBXFileReference; fileEncoding = 4; lastKnownFileType = sourcecode.cpp.cpp; path = NptFile.cpp; sourceTree = "<group>"; };
		E43EF0B2101E2312007A9CE7 /* NptFile.h */ = {isa = PBXFileReference; fileEncoding = 4; lastKnownFileType = sourcecode.c.h; path = NptFile.h; sourceTree = "<group>"; };
		E43EF0B3101E2312007A9CE7 /* NptHttp.cpp */ = {isa = PBXFileReference; fileEncoding = 4; lastKnownFileType = sourcecode.cpp.cpp; path = NptHttp.cpp; sourceTree = "<group>"; };
		E43EF0B4101E2312007A9CE7 /* NptHttp.h */ = {isa = PBXFileReference; fileEncoding = 4; lastKnownFileType = sourcecode.c.h; path = NptHttp.h; sourceTree = "<group>"; };
		E43EF0B5101E2312007A9CE7 /* NptInterfaces.h */ = {isa = PBXFileReference; fileEncoding = 4; lastKnownFileType = sourcecode.c.h; path = NptInterfaces.h; sourceTree = "<group>"; };
		E43EF0B6101E2312007A9CE7 /* NptList.cpp */ = {isa = PBXFileReference; fileEncoding = 4; lastKnownFileType = sourcecode.cpp.cpp; path = NptList.cpp; sourceTree = "<group>"; };
		E43EF0B7101E2312007A9CE7 /* NptList.h */ = {isa = PBXFileReference; fileEncoding = 4; lastKnownFileType = sourcecode.c.h; path = NptList.h; sourceTree = "<group>"; };
		E43EF0B8101E2312007A9CE7 /* NptLogging.cpp */ = {isa = PBXFileReference; fileEncoding = 4; lastKnownFileType = sourcecode.cpp.cpp; path = NptLogging.cpp; sourceTree = "<group>"; };
		E43EF0B9101E2312007A9CE7 /* NptLogging.h */ = {isa = PBXFileReference; fileEncoding = 4; lastKnownFileType = sourcecode.c.h; path = NptLogging.h; sourceTree = "<group>"; };
		E43EF0BA101E2312007A9CE7 /* NptMap.h */ = {isa = PBXFileReference; fileEncoding = 4; lastKnownFileType = sourcecode.c.h; path = NptMap.h; sourceTree = "<group>"; };
		E43EF0BB101E2312007A9CE7 /* NptMessaging.cpp */ = {isa = PBXFileReference; fileEncoding = 4; lastKnownFileType = sourcecode.cpp.cpp; path = NptMessaging.cpp; sourceTree = "<group>"; };
		E43EF0BC101E2312007A9CE7 /* NptMessaging.h */ = {isa = PBXFileReference; fileEncoding = 4; lastKnownFileType = sourcecode.c.h; path = NptMessaging.h; sourceTree = "<group>"; };
		E43EF0BD101E2312007A9CE7 /* NptNetwork.cpp */ = {isa = PBXFileReference; fileEncoding = 4; lastKnownFileType = sourcecode.cpp.cpp; path = NptNetwork.cpp; sourceTree = "<group>"; };
		E43EF0BE101E2312007A9CE7 /* NptNetwork.h */ = {isa = PBXFileReference; fileEncoding = 4; lastKnownFileType = sourcecode.c.h; path = NptNetwork.h; sourceTree = "<group>"; };
		E43EF0BF101E2312007A9CE7 /* NptQueue.cpp */ = {isa = PBXFileReference; fileEncoding = 4; lastKnownFileType = sourcecode.cpp.cpp; path = NptQueue.cpp; sourceTree = "<group>"; };
		E43EF0C0101E2312007A9CE7 /* NptQueue.h */ = {isa = PBXFileReference; fileEncoding = 4; lastKnownFileType = sourcecode.c.h; path = NptQueue.h; sourceTree = "<group>"; };
		E43EF0C1101E2312007A9CE7 /* NptReferences.h */ = {isa = PBXFileReference; fileEncoding = 4; lastKnownFileType = sourcecode.c.h; path = NptReferences.h; sourceTree = "<group>"; };
		E43EF0C2101E2312007A9CE7 /* NptResults.cpp */ = {isa = PBXFileReference; fileEncoding = 4; lastKnownFileType = sourcecode.cpp.cpp; path = NptResults.cpp; sourceTree = "<group>"; };
		E43EF0C3101E2312007A9CE7 /* NptResults.h */ = {isa = PBXFileReference; fileEncoding = 4; lastKnownFileType = sourcecode.c.h; path = NptResults.h; sourceTree = "<group>"; };
		E43EF0C4101E2312007A9CE7 /* NptRingBuffer.cpp */ = {isa = PBXFileReference; fileEncoding = 4; lastKnownFileType = sourcecode.cpp.cpp; path = NptRingBuffer.cpp; sourceTree = "<group>"; };
		E43EF0C5101E2312007A9CE7 /* NptRingBuffer.h */ = {isa = PBXFileReference; fileEncoding = 4; lastKnownFileType = sourcecode.c.h; path = NptRingBuffer.h; sourceTree = "<group>"; };
		E43EF0C6101E2312007A9CE7 /* NptSelectableMessageQueue.h */ = {isa = PBXFileReference; fileEncoding = 4; lastKnownFileType = sourcecode.c.h; path = NptSelectableMessageQueue.h; sourceTree = "<group>"; };
		E43EF0C7101E2312007A9CE7 /* NptSerialPort.h */ = {isa = PBXFileReference; fileEncoding = 4; lastKnownFileType = sourcecode.c.h; path = NptSerialPort.h; sourceTree = "<group>"; };
		E43EF0C8101E2312007A9CE7 /* NptSimpleMessageQueue.cpp */ = {isa = PBXFileReference; fileEncoding = 4; lastKnownFileType = sourcecode.cpp.cpp; path = NptSimpleMessageQueue.cpp; sourceTree = "<group>"; };
		E43EF0C9101E2312007A9CE7 /* NptSimpleMessageQueue.h */ = {isa = PBXFileReference; fileEncoding = 4; lastKnownFileType = sourcecode.c.h; path = NptSimpleMessageQueue.h; sourceTree = "<group>"; };
		E43EF0CA101E2312007A9CE7 /* NptSockets.cpp */ = {isa = PBXFileReference; fileEncoding = 4; lastKnownFileType = sourcecode.cpp.cpp; path = NptSockets.cpp; sourceTree = "<group>"; };
		E43EF0CB101E2312007A9CE7 /* NptSockets.h */ = {isa = PBXFileReference; fileEncoding = 4; lastKnownFileType = sourcecode.c.h; path = NptSockets.h; sourceTree = "<group>"; };
		E43EF0CC101E2312007A9CE7 /* NptStack.h */ = {isa = PBXFileReference; fileEncoding = 4; lastKnownFileType = sourcecode.c.h; path = NptStack.h; sourceTree = "<group>"; };
		E43EF0CD101E2312007A9CE7 /* NptStreams.cpp */ = {isa = PBXFileReference; fileEncoding = 4; lastKnownFileType = sourcecode.cpp.cpp; path = NptStreams.cpp; sourceTree = "<group>"; };
		E43EF0CE101E2312007A9CE7 /* NptStreams.h */ = {isa = PBXFileReference; fileEncoding = 4; lastKnownFileType = sourcecode.c.h; path = NptStreams.h; sourceTree = "<group>"; };
		E43EF0CF101E2312007A9CE7 /* NptStrings.cpp */ = {isa = PBXFileReference; fileEncoding = 4; lastKnownFileType = sourcecode.cpp.cpp; path = NptStrings.cpp; sourceTree = "<group>"; };
		E43EF0D0101E2312007A9CE7 /* NptStrings.h */ = {isa = PBXFileReference; fileEncoding = 4; lastKnownFileType = sourcecode.c.h; path = NptStrings.h; sourceTree = "<group>"; };
		E43EF0D1101E2312007A9CE7 /* NptSystem.cpp */ = {isa = PBXFileReference; fileEncoding = 4; lastKnownFileType = sourcecode.cpp.cpp; path = NptSystem.cpp; sourceTree = "<group>"; };
		E43EF0D2101E2312007A9CE7 /* NptSystem.h */ = {isa = PBXFileReference; fileEncoding = 4; lastKnownFileType = sourcecode.c.h; path = NptSystem.h; sourceTree = "<group>"; };
		E43EF0D3101E2312007A9CE7 /* NptThreads.cpp */ = {isa = PBXFileReference; fileEncoding = 4; lastKnownFileType = sourcecode.cpp.cpp; path = NptThreads.cpp; sourceTree = "<group>"; };
		E43EF0D4101E2312007A9CE7 /* NptThreads.h */ = {isa = PBXFileReference; fileEncoding = 4; lastKnownFileType = sourcecode.c.h; path = NptThreads.h; sourceTree = "<group>"; };
		E43EF0D5101E2312007A9CE7 /* NptTime.cpp */ = {isa = PBXFileReference; fileEncoding = 4; lastKnownFileType = sourcecode.cpp.cpp; path = NptTime.cpp; sourceTree = "<group>"; };
		E43EF0D6101E2312007A9CE7 /* NptTime.h */ = {isa = PBXFileReference; fileEncoding = 4; lastKnownFileType = sourcecode.c.h; path = NptTime.h; sourceTree = "<group>"; };
		E43EF0D7101E2312007A9CE7 /* NptTls.cpp */ = {isa = PBXFileReference; fileEncoding = 4; lastKnownFileType = sourcecode.cpp.cpp; path = NptTls.cpp; sourceTree = "<group>"; };
		E43EF0D8101E2312007A9CE7 /* NptTls.h */ = {isa = PBXFileReference; fileEncoding = 4; lastKnownFileType = sourcecode.c.h; path = NptTls.h; sourceTree = "<group>"; };
		E43EF0D9101E2312007A9CE7 /* NptTypes.h */ = {isa = PBXFileReference; fileEncoding = 4; lastKnownFileType = sourcecode.c.h; path = NptTypes.h; sourceTree = "<group>"; };
		E43EF0DA101E2312007A9CE7 /* NptUri.cpp */ = {isa = PBXFileReference; fileEncoding = 4; lastKnownFileType = sourcecode.cpp.cpp; path = NptUri.cpp; sourceTree = "<group>"; };
		E43EF0DB101E2312007A9CE7 /* NptUri.h */ = {isa = PBXFileReference; fileEncoding = 4; lastKnownFileType = sourcecode.c.h; path = NptUri.h; sourceTree = "<group>"; };
		E43EF0DC101E2312007A9CE7 /* NptUtils.cpp */ = {isa = PBXFileReference; fileEncoding = 4; lastKnownFileType = sourcecode.cpp.cpp; path = NptUtils.cpp; sourceTree = "<group>"; };
		E43EF0DD101E2312007A9CE7 /* NptUtils.h */ = {isa = PBXFileReference; fileEncoding = 4; lastKnownFileType = sourcecode.c.h; path = NptUtils.h; sourceTree = "<group>"; };
		E43EF0DE101E2312007A9CE7 /* NptVersion.h */ = {isa = PBXFileReference; fileEncoding = 4; lastKnownFileType = sourcecode.c.h; path = NptVersion.h; sourceTree = "<group>"; };
		E43EF0DF101E2312007A9CE7 /* NptXml.cpp */ = {isa = PBXFileReference; fileEncoding = 4; lastKnownFileType = sourcecode.cpp.cpp; path = NptXml.cpp; sourceTree = "<group>"; };
		E43EF0E0101E2312007A9CE7 /* NptXml.h */ = {isa = PBXFileReference; fileEncoding = 4; lastKnownFileType = sourcecode.c.h; path = NptXml.h; sourceTree = "<group>"; };
		E43EF0E1101E2312007A9CE7 /* NptZip.cpp */ = {isa = PBXFileReference; fileEncoding = 4; lastKnownFileType = sourcecode.cpp.cpp; path = NptZip.cpp; sourceTree = "<group>"; };
		E43EF0E2101E2312007A9CE7 /* NptZip.h */ = {isa = PBXFileReference; fileEncoding = 4; lastKnownFileType = sourcecode.c.h; path = NptZip.h; sourceTree = "<group>"; };
		E43EF0E7101E2312007A9CE7 /* NptBsdNetwork.cpp */ = {isa = PBXFileReference; fileEncoding = 4; lastKnownFileType = sourcecode.cpp.cpp; path = NptBsdNetwork.cpp; sourceTree = "<group>"; };
		E43EF0E8101E2312007A9CE7 /* NptBsdSockets.cpp */ = {isa = PBXFileReference; fileEncoding = 4; lastKnownFileType = sourcecode.cpp.cpp; path = NptBsdSockets.cpp; sourceTree = "<group>"; };
		E43EF0F4101E2312007A9CE7 /* NptPosixDynamicLibraries.cpp */ = {isa = PBXFileReference; fileEncoding = 4; lastKnownFileType = sourcecode.cpp.cpp; path = NptPosixDynamicLibraries.cpp; sourceTree = "<group>"; };
		E43EF0F5101E2312007A9CE7 /* NptPosixFile.cpp */ = {isa = PBXFileReference; fileEncoding = 4; lastKnownFileType = sourcecode.cpp.cpp; path = NptPosixFile.cpp; sourceTree = "<group>"; };
		E43EF0F6101E2312007A9CE7 /* NptPosixNetwork.cpp */ = {isa = PBXFileReference; fileEncoding = 4; lastKnownFileType = sourcecode.cpp.cpp; path = NptPosixNetwork.cpp; sourceTree = "<group>"; };
		E43EF0F7101E2312007A9CE7 /* NptPosixQueue.cpp */ = {isa = PBXFileReference; fileEncoding = 4; lastKnownFileType = sourcecode.cpp.cpp; path = NptPosixQueue.cpp; sourceTree = "<group>"; };
		E43EF0F8101E2312007A9CE7 /* NptPosixSystem.cpp */ = {isa = PBXFileReference; fileEncoding = 4; lastKnownFileType = sourcecode.cpp.cpp; path = NptPosixSystem.cpp; sourceTree = "<group>"; };
		E43EF0F9101E2312007A9CE7 /* NptPosixThreads.cpp */ = {isa = PBXFileReference; fileEncoding = 4; lastKnownFileType = sourcecode.cpp.cpp; path = NptPosixThreads.cpp; sourceTree = "<group>"; };
		E43EF0FA101E2312007A9CE7 /* NptSelectableMessageQueue.cpp */ = {isa = PBXFileReference; fileEncoding = 4; lastKnownFileType = sourcecode.cpp.cpp; path = NptSelectableMessageQueue.cpp; sourceTree = "<group>"; };
		E43EF106101E2312007A9CE7 /* NptStdcDebug.cpp */ = {isa = PBXFileReference; fileEncoding = 4; lastKnownFileType = sourcecode.cpp.cpp; path = NptStdcDebug.cpp; sourceTree = "<group>"; };
		E43EF107101E2312007A9CE7 /* NptStdcEnvironment.cpp */ = {isa = PBXFileReference; fileEncoding = 4; lastKnownFileType = sourcecode.cpp.cpp; path = NptStdcEnvironment.cpp; sourceTree = "<group>"; };
		E43EF108101E2312007A9CE7 /* NptStdcFile.cpp */ = {isa = PBXFileReference; fileEncoding = 4; lastKnownFileType = sourcecode.cpp.cpp; path = NptStdcFile.cpp; sourceTree = "<group>"; };
		E45AAECE0F1C64FA009CEE37 /* PltAction.cpp */ = {isa = PBXFileReference; fileEncoding = 4; lastKnownFileType = sourcecode.cpp.cpp; name = PltAction.cpp; path = src/Platinum/Source/Core/PltAction.cpp; sourceTree = "<group>"; };
		E45AAECF0F1C64FA009CEE37 /* PltAction.h */ = {isa = PBXFileReference; fileEncoding = 4; lastKnownFileType = sourcecode.c.h; name = PltAction.h; path = src/Platinum/Source/Core/PltAction.h; sourceTree = "<group>"; };
		E45AAED00F1C64FA009CEE37 /* PltArgument.cpp */ = {isa = PBXFileReference; fileEncoding = 4; lastKnownFileType = sourcecode.cpp.cpp; name = PltArgument.cpp; path = src/Platinum/Source/Core/PltArgument.cpp; sourceTree = "<group>"; };
		E45AAED10F1C64FA009CEE37 /* PltArgument.h */ = {isa = PBXFileReference; fileEncoding = 4; lastKnownFileType = sourcecode.c.h; name = PltArgument.h; path = src/Platinum/Source/Core/PltArgument.h; sourceTree = "<group>"; };
		E45AAED20F1C64FA009CEE37 /* PltCtrlPoint.cpp */ = {isa = PBXFileReference; fileEncoding = 4; lastKnownFileType = sourcecode.cpp.cpp; name = PltCtrlPoint.cpp; path = src/Platinum/Source/Core/PltCtrlPoint.cpp; sourceTree = "<group>"; };
		E45AAED30F1C64FA009CEE37 /* PltCtrlPoint.h */ = {isa = PBXFileReference; fileEncoding = 4; lastKnownFileType = sourcecode.c.h; name = PltCtrlPoint.h; path = src/Platinum/Source/Core/PltCtrlPoint.h; sourceTree = "<group>"; };
		E45AAED40F1C64FA009CEE37 /* PltCtrlPointTask.cpp */ = {isa = PBXFileReference; fileEncoding = 4; lastKnownFileType = sourcecode.cpp.cpp; name = PltCtrlPointTask.cpp; path = src/Platinum/Source/Core/PltCtrlPointTask.cpp; sourceTree = "<group>"; };
		E45AAED50F1C64FA009CEE37 /* PltCtrlPointTask.h */ = {isa = PBXFileReference; fileEncoding = 4; lastKnownFileType = sourcecode.c.h; name = PltCtrlPointTask.h; path = src/Platinum/Source/Core/PltCtrlPointTask.h; sourceTree = "<group>"; };
		E45AAED60F1C64FA009CEE37 /* PltDatagramStream.cpp */ = {isa = PBXFileReference; fileEncoding = 4; lastKnownFileType = sourcecode.cpp.cpp; name = PltDatagramStream.cpp; path = src/Platinum/Source/Core/PltDatagramStream.cpp; sourceTree = "<group>"; };
		E45AAED70F1C64FA009CEE37 /* PltDatagramStream.h */ = {isa = PBXFileReference; fileEncoding = 4; lastKnownFileType = sourcecode.c.h; name = PltDatagramStream.h; path = src/Platinum/Source/Core/PltDatagramStream.h; sourceTree = "<group>"; };
		E45AAED80F1C64FA009CEE37 /* PltDeviceData.cpp */ = {isa = PBXFileReference; fileEncoding = 4; lastKnownFileType = sourcecode.cpp.cpp; name = PltDeviceData.cpp; path = src/Platinum/Source/Core/PltDeviceData.cpp; sourceTree = "<group>"; };
		E45AAED90F1C64FA009CEE37 /* PltDeviceData.h */ = {isa = PBXFileReference; fileEncoding = 4; lastKnownFileType = sourcecode.c.h; name = PltDeviceData.h; path = src/Platinum/Source/Core/PltDeviceData.h; sourceTree = "<group>"; };
		E45AAEDA0F1C64FA009CEE37 /* PltDeviceHost.cpp */ = {isa = PBXFileReference; fileEncoding = 4; lastKnownFileType = sourcecode.cpp.cpp; name = PltDeviceHost.cpp; path = src/Platinum/Source/Core/PltDeviceHost.cpp; sourceTree = "<group>"; };
		E45AAEDB0F1C64FA009CEE37 /* PltDeviceHost.h */ = {isa = PBXFileReference; fileEncoding = 4; lastKnownFileType = sourcecode.c.h; name = PltDeviceHost.h; path = src/Platinum/Source/Core/PltDeviceHost.h; sourceTree = "<group>"; };
		E45AAEDC0F1C64FA009CEE37 /* PltDownloader.cpp */ = {isa = PBXFileReference; fileEncoding = 4; lastKnownFileType = sourcecode.cpp.cpp; name = PltDownloader.cpp; path = src/Platinum/Source/Core/PltDownloader.cpp; sourceTree = "<group>"; };
		E45AAEDD0F1C64FA009CEE37 /* PltDownloader.h */ = {isa = PBXFileReference; fileEncoding = 4; lastKnownFileType = sourcecode.c.h; name = PltDownloader.h; path = src/Platinum/Source/Core/PltDownloader.h; sourceTree = "<group>"; };
		E45AAEDE0F1C64FA009CEE37 /* PltEvent.cpp */ = {isa = PBXFileReference; fileEncoding = 4; lastKnownFileType = sourcecode.cpp.cpp; name = PltEvent.cpp; path = src/Platinum/Source/Core/PltEvent.cpp; sourceTree = "<group>"; };
		E45AAEDF0F1C64FA009CEE37 /* PltEvent.h */ = {isa = PBXFileReference; fileEncoding = 4; lastKnownFileType = sourcecode.c.h; name = PltEvent.h; path = src/Platinum/Source/Core/PltEvent.h; sourceTree = "<group>"; };
		E45AAEE00F1C64FA009CEE37 /* PltHttp.cpp */ = {isa = PBXFileReference; fileEncoding = 4; lastKnownFileType = sourcecode.cpp.cpp; name = PltHttp.cpp; path = src/Platinum/Source/Core/PltHttp.cpp; sourceTree = "<group>"; };
		E45AAEE10F1C64FA009CEE37 /* PltHttp.h */ = {isa = PBXFileReference; fileEncoding = 4; lastKnownFileType = sourcecode.c.h; name = PltHttp.h; path = src/Platinum/Source/Core/PltHttp.h; sourceTree = "<group>"; };
		E45AAEE20F1C64FA009CEE37 /* PltHttpClientTask.cpp */ = {isa = PBXFileReference; fileEncoding = 4; lastKnownFileType = sourcecode.cpp.cpp; name = PltHttpClientTask.cpp; path = src/Platinum/Source/Core/PltHttpClientTask.cpp; sourceTree = "<group>"; };
		E45AAEE30F1C64FA009CEE37 /* PltHttpClientTask.h */ = {isa = PBXFileReference; fileEncoding = 4; lastKnownFileType = sourcecode.c.h; name = PltHttpClientTask.h; path = src/Platinum/Source/Core/PltHttpClientTask.h; sourceTree = "<group>"; };
		E45AAEE40F1C64FA009CEE37 /* PltHttpServer.cpp */ = {isa = PBXFileReference; fileEncoding = 4; lastKnownFileType = sourcecode.cpp.cpp; name = PltHttpServer.cpp; path = src/Platinum/Source/Core/PltHttpServer.cpp; sourceTree = "<group>"; };
		E45AAEE50F1C64FA009CEE37 /* PltHttpServer.h */ = {isa = PBXFileReference; fileEncoding = 4; lastKnownFileType = sourcecode.c.h; name = PltHttpServer.h; path = src/Platinum/Source/Core/PltHttpServer.h; sourceTree = "<group>"; };
		E45AAEE60F1C64FA009CEE37 /* PltHttpServerListener.h */ = {isa = PBXFileReference; fileEncoding = 4; lastKnownFileType = sourcecode.c.h; name = PltHttpServerListener.h; path = src/Platinum/Source/Core/PltHttpServerListener.h; sourceTree = "<group>"; };
		E45AAEE70F1C64FA009CEE37 /* PltHttpServerTask.cpp */ = {isa = PBXFileReference; fileEncoding = 4; lastKnownFileType = sourcecode.cpp.cpp; name = PltHttpServerTask.cpp; path = src/Platinum/Source/Core/PltHttpServerTask.cpp; sourceTree = "<group>"; };
		E45AAEE80F1C64FA009CEE37 /* PltHttpServerTask.h */ = {isa = PBXFileReference; fileEncoding = 4; lastKnownFileType = sourcecode.c.h; name = PltHttpServerTask.h; path = src/Platinum/Source/Core/PltHttpServerTask.h; sourceTree = "<group>"; };
		E45AAEE90F1C64FA009CEE37 /* PltLeaks.cpp */ = {isa = PBXFileReference; fileEncoding = 4; lastKnownFileType = sourcecode.cpp.cpp; name = PltLeaks.cpp; path = src/Platinum/Source/Core/PltLeaks.cpp; sourceTree = "<group>"; };
		E45AAEEA0F1C64FA009CEE37 /* PltLeaks.h */ = {isa = PBXFileReference; fileEncoding = 4; lastKnownFileType = sourcecode.c.h; name = PltLeaks.h; path = src/Platinum/Source/Core/PltLeaks.h; sourceTree = "<group>"; };
		E45AAEEB0F1C64FA009CEE37 /* PltMetadataHandler.cpp */ = {isa = PBXFileReference; fileEncoding = 4; lastKnownFileType = sourcecode.cpp.cpp; name = PltMetadataHandler.cpp; path = src/Platinum/Source/Core/PltMetadataHandler.cpp; sourceTree = "<group>"; };
		E45AAEEC0F1C64FA009CEE37 /* PltMetadataHandler.h */ = {isa = PBXFileReference; fileEncoding = 4; lastKnownFileType = sourcecode.c.h; name = PltMetadataHandler.h; path = src/Platinum/Source/Core/PltMetadataHandler.h; sourceTree = "<group>"; };
		E45AAEED0F1C64FA009CEE37 /* PltRingBufferStream.cpp */ = {isa = PBXFileReference; fileEncoding = 4; lastKnownFileType = sourcecode.cpp.cpp; name = PltRingBufferStream.cpp; path = src/Platinum/Source/Core/PltRingBufferStream.cpp; sourceTree = "<group>"; };
		E45AAEEE0F1C64FA009CEE37 /* PltRingBufferStream.h */ = {isa = PBXFileReference; fileEncoding = 4; lastKnownFileType = sourcecode.c.h; name = PltRingBufferStream.h; path = src/Platinum/Source/Core/PltRingBufferStream.h; sourceTree = "<group>"; };
		E45AAEEF0F1C64FA009CEE37 /* PltService.cpp */ = {isa = PBXFileReference; fileEncoding = 4; lastKnownFileType = sourcecode.cpp.cpp; name = PltService.cpp; path = src/Platinum/Source/Core/PltService.cpp; sourceTree = "<group>"; };
		E45AAEF00F1C64FA009CEE37 /* PltService.h */ = {isa = PBXFileReference; fileEncoding = 4; lastKnownFileType = sourcecode.c.h; name = PltService.h; path = src/Platinum/Source/Core/PltService.h; sourceTree = "<group>"; };
		E45AAEF10F1C64FA009CEE37 /* PltSsdp.cpp */ = {isa = PBXFileReference; fileEncoding = 4; lastKnownFileType = sourcecode.cpp.cpp; name = PltSsdp.cpp; path = src/Platinum/Source/Core/PltSsdp.cpp; sourceTree = "<group>"; };
		E45AAEF20F1C64FA009CEE37 /* PltSsdp.h */ = {isa = PBXFileReference; fileEncoding = 4; lastKnownFileType = sourcecode.c.h; name = PltSsdp.h; path = src/Platinum/Source/Core/PltSsdp.h; sourceTree = "<group>"; };
		E45AAEF30F1C64FA009CEE37 /* PltSsdpListener.h */ = {isa = PBXFileReference; fileEncoding = 4; lastKnownFileType = sourcecode.c.h; name = PltSsdpListener.h; path = src/Platinum/Source/Core/PltSsdpListener.h; sourceTree = "<group>"; };
		E45AAEF40F1C64FA009CEE37 /* PltStateVariable.cpp */ = {isa = PBXFileReference; fileEncoding = 4; lastKnownFileType = sourcecode.cpp.cpp; name = PltStateVariable.cpp; path = src/Platinum/Source/Core/PltStateVariable.cpp; sourceTree = "<group>"; };
		E45AAEF50F1C64FA009CEE37 /* PltStateVariable.h */ = {isa = PBXFileReference; fileEncoding = 4; lastKnownFileType = sourcecode.c.h; name = PltStateVariable.h; path = src/Platinum/Source/Core/PltStateVariable.h; sourceTree = "<group>"; };
		E45AAEF60F1C64FA009CEE37 /* PltStreamPump.cpp */ = {isa = PBXFileReference; fileEncoding = 4; lastKnownFileType = sourcecode.cpp.cpp; name = PltStreamPump.cpp; path = src/Platinum/Source/Core/PltStreamPump.cpp; sourceTree = "<group>"; };
		E45AAEF70F1C64FA009CEE37 /* PltStreamPump.h */ = {isa = PBXFileReference; fileEncoding = 4; lastKnownFileType = sourcecode.c.h; name = PltStreamPump.h; path = src/Platinum/Source/Core/PltStreamPump.h; sourceTree = "<group>"; };
		E45AAEF80F1C64FA009CEE37 /* PltTaskManager.cpp */ = {isa = PBXFileReference; fileEncoding = 4; lastKnownFileType = sourcecode.cpp.cpp; name = PltTaskManager.cpp; path = src/Platinum/Source/Core/PltTaskManager.cpp; sourceTree = "<group>"; };
		E45AAEF90F1C64FA009CEE37 /* PltTaskManager.h */ = {isa = PBXFileReference; fileEncoding = 4; lastKnownFileType = sourcecode.c.h; name = PltTaskManager.h; path = src/Platinum/Source/Core/PltTaskManager.h; sourceTree = "<group>"; };
		E45AAEFA0F1C64FA009CEE37 /* PltThreadTask.cpp */ = {isa = PBXFileReference; fileEncoding = 4; lastKnownFileType = sourcecode.cpp.cpp; name = PltThreadTask.cpp; path = src/Platinum/Source/Core/PltThreadTask.cpp; sourceTree = "<group>"; };
		E45AAEFB0F1C64FA009CEE37 /* PltThreadTask.h */ = {isa = PBXFileReference; fileEncoding = 4; lastKnownFileType = sourcecode.c.h; name = PltThreadTask.h; path = src/Platinum/Source/Core/PltThreadTask.h; sourceTree = "<group>"; };
		E45AAEFC0F1C64FA009CEE37 /* PltUPnP.cpp */ = {isa = PBXFileReference; fileEncoding = 4; lastKnownFileType = sourcecode.cpp.cpp; name = PltUPnP.cpp; path = src/Platinum/Source/Core/PltUPnP.cpp; sourceTree = "<group>"; };
		E45AAEFD0F1C64FA009CEE37 /* PltUPnP.h */ = {isa = PBXFileReference; fileEncoding = 4; lastKnownFileType = sourcecode.c.h; name = PltUPnP.h; path = src/Platinum/Source/Core/PltUPnP.h; sourceTree = "<group>"; };
		E45AAEFE0F1C64FA009CEE37 /* PltUPnPHelper.h */ = {isa = PBXFileReference; fileEncoding = 4; lastKnownFileType = sourcecode.c.h; name = PltUPnPHelper.h; path = src/Platinum/Source/Core/PltUPnPHelper.h; sourceTree = "<group>"; };
		E45AAF000F1C64FA009CEE37 /* PltXmlHelper.h */ = {isa = PBXFileReference; fileEncoding = 4; lastKnownFileType = sourcecode.c.h; name = PltXmlHelper.h; path = src/Platinum/Source/Core/PltXmlHelper.h; sourceTree = "<group>"; };
		E45AAF1A0F1C652A009CEE37 /* PltDidl.cpp */ = {isa = PBXFileReference; fileEncoding = 4; lastKnownFileType = sourcecode.cpp.cpp; name = PltDidl.cpp; path = src/Platinum/Source/Devices/MediaServer/PltDidl.cpp; sourceTree = "<group>"; };
		E45AAF1B0F1C652A009CEE37 /* PltDidl.h */ = {isa = PBXFileReference; fileEncoding = 4; lastKnownFileType = sourcecode.c.h; name = PltDidl.h; path = src/Platinum/Source/Devices/MediaServer/PltDidl.h; sourceTree = "<group>"; };
		E45AAF1C0F1C652A009CEE37 /* PltFileMediaServer.cpp */ = {isa = PBXFileReference; fileEncoding = 4; lastKnownFileType = sourcecode.cpp.cpp; name = PltFileMediaServer.cpp; path = src/Platinum/Source/Devices/MediaServer/PltFileMediaServer.cpp; sourceTree = "<group>"; };
		E45AAF1D0F1C652A009CEE37 /* PltFileMediaServer.h */ = {isa = PBXFileReference; fileEncoding = 4; lastKnownFileType = sourcecode.c.h; name = PltFileMediaServer.h; path = src/Platinum/Source/Devices/MediaServer/PltFileMediaServer.h; sourceTree = "<group>"; };
		E45AAF1E0F1C652A009CEE37 /* PltMediaBrowser.cpp */ = {isa = PBXFileReference; fileEncoding = 4; lastKnownFileType = sourcecode.cpp.cpp; name = PltMediaBrowser.cpp; path = src/Platinum/Source/Devices/MediaServer/PltMediaBrowser.cpp; sourceTree = "<group>"; };
		E45AAF1F0F1C652A009CEE37 /* PltMediaBrowser.h */ = {isa = PBXFileReference; fileEncoding = 4; lastKnownFileType = sourcecode.c.h; name = PltMediaBrowser.h; path = src/Platinum/Source/Devices/MediaServer/PltMediaBrowser.h; sourceTree = "<group>"; };
		E45AAF210F1C652A009CEE37 /* PltMediaCache.cpp */ = {isa = PBXFileReference; fileEncoding = 4; lastKnownFileType = sourcecode.cpp.cpp; name = PltMediaCache.cpp; path = src/Platinum/Source/Devices/MediaServer/PltMediaCache.cpp; sourceTree = "<group>"; };
		E45AAF220F1C652A009CEE37 /* PltMediaCache.h */ = {isa = PBXFileReference; fileEncoding = 4; lastKnownFileType = sourcecode.c.h; name = PltMediaCache.h; path = src/Platinum/Source/Devices/MediaServer/PltMediaCache.h; sourceTree = "<group>"; };
		E45AAF230F1C652A009CEE37 /* PltMediaItem.cpp */ = {isa = PBXFileReference; fileEncoding = 4; lastKnownFileType = sourcecode.cpp.cpp; name = PltMediaItem.cpp; path = src/Platinum/Source/Devices/MediaServer/PltMediaItem.cpp; sourceTree = "<group>"; };
		E45AAF240F1C652A009CEE37 /* PltMediaItem.h */ = {isa = PBXFileReference; fileEncoding = 4; lastKnownFileType = sourcecode.c.h; name = PltMediaItem.h; path = src/Platinum/Source/Devices/MediaServer/PltMediaItem.h; sourceTree = "<group>"; };
		E45AAF250F1C652A009CEE37 /* PltMediaPlaylist.cpp */ = {isa = PBXFileReference; fileEncoding = 4; lastKnownFileType = sourcecode.cpp.cpp; name = PltMediaPlaylist.cpp; path = src/Platinum/Source/Devices/MediaServer/PltMediaPlaylist.cpp; sourceTree = "<group>"; };
		E45AAF260F1C652A009CEE37 /* PltMediaPlaylist.h */ = {isa = PBXFileReference; fileEncoding = 4; lastKnownFileType = sourcecode.c.h; name = PltMediaPlaylist.h; path = src/Platinum/Source/Devices/MediaServer/PltMediaPlaylist.h; sourceTree = "<group>"; };
		E45AAF270F1C652A009CEE37 /* PltMediaServer.cpp */ = {isa = PBXFileReference; fileEncoding = 4; lastKnownFileType = sourcecode.cpp.cpp; name = PltMediaServer.cpp; path = src/Platinum/Source/Devices/MediaServer/PltMediaServer.cpp; sourceTree = "<group>"; };
		E45AAF280F1C652A009CEE37 /* PltMediaServer.h */ = {isa = PBXFileReference; fileEncoding = 4; lastKnownFileType = sourcecode.c.h; name = PltMediaServer.h; path = src/Platinum/Source/Devices/MediaServer/PltMediaServer.h; sourceTree = "<group>"; };
		E45AAF290F1C652A009CEE37 /* PltMediaServerSCPDs.cpp */ = {isa = PBXFileReference; fileEncoding = 4; lastKnownFileType = sourcecode.cpp.cpp; name = PltMediaServerSCPDs.cpp; path = src/Platinum/Source/Devices/MediaServer/PltMediaServerSCPDs.cpp; sourceTree = "<group>"; };
		E45AAF2A0F1C652A009CEE37 /* PltSyncMediaBrowser.cpp */ = {isa = PBXFileReference; fileEncoding = 4; lastKnownFileType = sourcecode.cpp.cpp; name = PltSyncMediaBrowser.cpp; path = src/Platinum/Source/Devices/MediaServer/PltSyncMediaBrowser.cpp; sourceTree = "<group>"; };
		E45AAF2B0F1C652A009CEE37 /* PltSyncMediaBrowser.h */ = {isa = PBXFileReference; fileEncoding = 4; lastKnownFileType = sourcecode.c.h; name = PltSyncMediaBrowser.h; path = src/Platinum/Source/Devices/MediaServer/PltSyncMediaBrowser.h; sourceTree = "<group>"; };
		E45AAF370F1C65A7009CEE37 /* main.mm */ = {isa = PBXFileReference; fileEncoding = 4; lastKnownFileType = sourcecode.cpp.objcpp; name = main.mm; path = src/main.mm; sourceTree = "<group>"; };
		E45AAF380F1C65A7009CEE37 /* ScreenSplitrApplication.mm */ = {isa = PBXFileReference; fileEncoding = 4; lastKnownFileType = sourcecode.cpp.objcpp; name = ScreenSplitrApplication.mm; path = src/ScreenSplitrApplication.mm; sourceTree = "<group>"; };
		E45AAF390F1C65A7009CEE37 /* ScreenSplitrScreenView.mm */ = {isa = PBXFileReference; fileEncoding = 4; lastKnownFileType = sourcecode.cpp.objcpp; name = ScreenSplitrScreenView.mm; path = src/ScreenSplitrScreenView.mm; sourceTree = "<group>"; };
		E45AB0280F1C963F009CEE37 /* Bonjour.h */ = {isa = PBXFileReference; fileEncoding = 4; lastKnownFileType = sourcecode.c.h; name = Bonjour.h; path = src/Bonjour.h; sourceTree = "<group>"; };
		E45AB0310F1C98E4009CEE37 /* SystemConfiguration.framework */ = {isa = PBXFileReference; lastKnownFileType = wrapper.framework; name = SystemConfiguration.framework; path = System/Library/Frameworks/SystemConfiguration.framework; sourceTree = SDKROOT; };
		E45AB0360F1C9A4A009CEE37 /* Bonjour.mm */ = {isa = PBXFileReference; fileEncoding = 4; lastKnownFileType = sourcecode.cpp.objcpp; name = Bonjour.mm; path = src/Bonjour.mm; sourceTree = "<group>"; };
		E45AB0D20F1CAC7B009CEE37 /* PltFrameBuffer.cpp */ = {isa = PBXFileReference; fileEncoding = 4; lastKnownFileType = sourcecode.cpp.cpp; name = PltFrameBuffer.cpp; path = src/Platinum/Source/Devices/FrameStreamer/PltFrameBuffer.cpp; sourceTree = "<group>"; };
		E45AB0D30F1CAC7B009CEE37 /* PltFrameBuffer.h */ = {isa = PBXFileReference; fileEncoding = 4; lastKnownFileType = sourcecode.c.h; name = PltFrameBuffer.h; path = src/Platinum/Source/Devices/FrameStreamer/PltFrameBuffer.h; sourceTree = "<group>"; };
		E45AB0D40F1CAC7B009CEE37 /* PltFrameServer.cpp */ = {isa = PBXFileReference; fileEncoding = 4; lastKnownFileType = sourcecode.cpp.cpp; name = PltFrameServer.cpp; path = src/Platinum/Source/Devices/FrameStreamer/PltFrameServer.cpp; sourceTree = "<group>"; };
		E45AB0D50F1CAC7B009CEE37 /* PltFrameServer.h */ = {isa = PBXFileReference; fileEncoding = 4; lastKnownFileType = sourcecode.c.h; name = PltFrameServer.h; path = src/Platinum/Source/Devices/FrameStreamer/PltFrameServer.h; sourceTree = "<group>"; };
		E45AB0D60F1CAC7B009CEE37 /* PltFrameStream.cpp */ = {isa = PBXFileReference; fileEncoding = 4; lastKnownFileType = sourcecode.cpp.cpp; name = PltFrameStream.cpp; path = src/Platinum/Source/Devices/FrameStreamer/PltFrameStream.cpp; sourceTree = "<group>"; };
		E45AB0D70F1CAC7B009CEE37 /* PltFrameStream.h */ = {isa = PBXFileReference; fileEncoding = 4; lastKnownFileType = sourcecode.c.h; name = PltFrameStream.h; path = src/Platinum/Source/Devices/FrameStreamer/PltFrameStream.h; sourceTree = "<group>"; };
		E47F20550FF0DA6F0051A77C /* UIModalViewDelegate-Protocol.h */ = {isa = PBXFileReference; fileEncoding = 4; lastKnownFileType = sourcecode.c.h; name = "UIModalViewDelegate-Protocol.h"; path = "../../../Headers/Frameworks/UIKit/UIModalViewDelegate-Protocol.h"; sourceTree = SOURCE_ROOT; };
		E47F205C0FF0DA970051A77C /* UIModalView-Private.h */ = {isa = PBXFileReference; fileEncoding = 4; lastKnownFileType = sourcecode.c.h; name = "UIModalView-Private.h"; path = "../../../Headers/Frameworks/UIKit/UIModalView-Private.h"; sourceTree = SOURCE_ROOT; };
		E47F20D40FF0E1360051A77C /* UIAlertView.h */ = {isa = PBXFileReference; fileEncoding = 4; lastKnownFileType = sourcecode.c.h; name = UIAlertView.h; path = ../../../Headers/Frameworks/UIKit/UIAlertView.h; sourceTree = SOURCE_ROOT; };
		E48CB3B10F0C3A170074D25B /* MediaPlayer.framework */ = {isa = PBXFileReference; lastKnownFileType = wrapper.framework; name = MediaPlayer.framework; path = System/Library/Frameworks/MediaPlayer.framework; sourceTree = SDKROOT; };
		E4D4F9C00F0EB60C001B3381 /* MPTVOutWindow.h */ = {isa = PBXFileReference; fileEncoding = 4; lastKnownFileType = sourcecode.c.h; name = MPTVOutWindow.h; path = src/MPTVOutWindow.h; sourceTree = "<group>"; };
		E4D4F9C10F0EB60C001B3381 /* ScreenSplitrApplication.h */ = {isa = PBXFileReference; fileEncoding = 4; lastKnownFileType = sourcecode.c.h; name = ScreenSplitrApplication.h; path = src/ScreenSplitrApplication.h; sourceTree = "<group>"; };
		E4D4F9C30F0EB60C001B3381 /* ScreenSplitrScreenView.h */ = {isa = PBXFileReference; fileEncoding = 4; lastKnownFileType = sourcecode.c.h; name = ScreenSplitrScreenView.h; path = src/ScreenSplitrScreenView.h; sourceTree = "<group>"; };
		E4E0A0650FE9FE5B00CA6E83 /* PltConstants.cpp */ = {isa = PBXFileReference; fileEncoding = 4; lastKnownFileType = sourcecode.cpp.cpp; name = PltConstants.cpp; path = src/Platinum/Source/Core/PltConstants.cpp; sourceTree = "<group>"; };
		E4E0A0660FE9FE5B00CA6E83 /* PltConstants.h */ = {isa = PBXFileReference; fileEncoding = 4; lastKnownFileType = sourcecode.c.h; name = PltConstants.h; path = src/Platinum/Source/Core/PltConstants.h; sourceTree = "<group>"; };
		E4E0A0670FE9FE5B00CA6E83 /* PltIconsData.cpp */ = {isa = PBXFileReference; fileEncoding = 4; lastKnownFileType = sourcecode.cpp.cpp; name = PltIconsData.cpp; path = src/Platinum/Source/Core/PltIconsData.cpp; sourceTree = "<group>"; };
		E4EA43FB0FF0B26900EE694B /* home.html */ = {isa = PBXFileReference; fileEncoding = 4; lastKnownFileType = text.html; name = home.html; path = resources/home.html; sourceTree = "<group>"; };
		E4EA452F0FF0D75700EE694B /* UIModalView.h */ = {isa = PBXFileReference; fileEncoding = 4; lastKnownFileType = sourcecode.c.h; name = UIModalView.h; path = ../../../Headers/Frameworks/UIKit/UIModalView.h; sourceTree = SOURCE_ROOT; };
/* End PBXFileReference section */

/* Begin PBXFrameworksBuildPhase section */
		1D60588F0D05DD3D006BFB54 /* Frameworks */ = {
			isa = PBXFrameworksBuildPhase;
			buildActionMask = 2147483647;
			files = (
				1D60589F0D05DD5A006BFB54 /* Foundation.framework in Frameworks */,
				1DF5F4E00D08C38300B7A737 /* UIKit.framework in Frameworks */,
				288765A50DF7441C002DB57D /* CoreGraphics.framework in Frameworks */,
				E48CB3B20F0C3A170074D25B /* MediaPlayer.framework in Frameworks */,
				E45AB0320F1C98E4009CEE37 /* SystemConfiguration.framework in Frameworks */,
			);
			runOnlyForDeploymentPostprocessing = 0;
		};
/* End PBXFrameworksBuildPhase section */

/* Begin PBXGroup section */
		19C28FACFE9D520D11CA2CBB /* Products */ = {
			isa = PBXGroup;
			children = (
				1D6058910D05DD3D006BFB54 /* ScreenSplitr.app */,
			);
			name = Products;
			sourceTree = "<group>";
		};
		29B97314FDCFA39411CA2CEA /* CustomTemplate */ = {
			isa = PBXGroup;
			children = (
				E4D4F9BE0F0EB5F4001B3381 /* Sources */,
				29B97317FDCFA39411CA2CEA /* Resources */,
				29B97323FDCFA39411CA2CEA /* Frameworks */,
				19C28FACFE9D520D11CA2CBB /* Products */,
			);
			name = CustomTemplate;
			sourceTree = "<group>";
		};
		29B97317FDCFA39411CA2CEA /* Resources */ = {
			isa = PBXGroup;
			children = (
				E4EA43FB0FF0B26900EE694B /* home.html */,
				E414867B0F0E2FED00B5D7FB /* Default.png */,
				E414867C0F0E2FED00B5D7FB /* icon.png */,
				8D1107310486CEB800E47090 /* Info.plist */,
			);
			name = Resources;
			sourceTree = "<group>";
		};
		29B97323FDCFA39411CA2CEA /* Frameworks */ = {
			isa = PBXGroup;
			children = (
				E47F20D40FF0E1360051A77C /* UIAlertView.h */,
				E47F205C0FF0DA970051A77C /* UIModalView-Private.h */,
				E47F20550FF0DA6F0051A77C /* UIModalViewDelegate-Protocol.h */,
				E4EA452F0FF0D75700EE694B /* UIModalView.h */,
				E45AB0310F1C98E4009CEE37 /* SystemConfiguration.framework */,
				E48CB3B10F0C3A170074D25B /* MediaPlayer.framework */,
				1DF5F4DF0D08C38300B7A737 /* UIKit.framework */,
				1D30AB110D05D00D00671497 /* Foundation.framework */,
				288765A40DF7441C002DB57D /* CoreGraphics.framework */,
			);
			name = Frameworks;
			sourceTree = "<group>";
		};
		E43EEF56101E221F007A9CE7 /* Platinum */ = {
			isa = PBXGroup;
			children = (
				E43EEF57101E221F007A9CE7 /* Platinum.h */,
				E43EEF58101E221F007A9CE7 /* PltSvnVersion.h */,
				E43EEF59101E221F007A9CE7 /* PltVersion.h */,
			);
			name = Platinum;
			path = src/Platinum/Source/Platinum;
			sourceTree = "<group>";
		};
		E43EF09B101E2312007A9CE7 /* Core */ = {
			isa = PBXGroup;
			children = (
				E43EF09C101E2312007A9CE7 /* Neptune.cpp */,
				E43EF09D101E2312007A9CE7 /* Neptune.h */,
				E43EF09E101E2312007A9CE7 /* NptArray.h */,
				E43EF09F101E2312007A9CE7 /* NptBase64.cpp */,
				E43EF0A0101E2312007A9CE7 /* NptBase64.h */,
				E43EF0A1101E2312007A9CE7 /* NptBufferedStreams.cpp */,
				E43EF0A2101E2312007A9CE7 /* NptBufferedStreams.h */,
				E43EF0A3101E2312007A9CE7 /* NptCommon.cpp */,
				E43EF0A4101E2312007A9CE7 /* NptCommon.h */,
				E43EF0A5101E2312007A9CE7 /* NptConfig.h */,
				E43EF0A6101E2312007A9CE7 /* NptConsole.cpp */,
				E43EF0A7101E2312007A9CE7 /* NptConsole.h */,
				E43EF0A8101E2312007A9CE7 /* NptConstants.h */,
				E43EF0A9101E2312007A9CE7 /* NptDataBuffer.cpp */,
				E43EF0AA101E2312007A9CE7 /* NptDataBuffer.h */,
				E43EF0AB101E2312007A9CE7 /* NptDebug.cpp */,
				E43EF0AC101E2312007A9CE7 /* NptDebug.h */,
				E43EF0AD101E2312007A9CE7 /* NptDefs.h */,
				E43EF0AE101E2312007A9CE7 /* NptDynamicCast.h */,
				E43EF0AF101E2312007A9CE7 /* NptDynamicLibraries.cpp */,
				E43EF0B0101E2312007A9CE7 /* NptDynamicLibraries.h */,
				E43EF0B1101E2312007A9CE7 /* NptFile.cpp */,
				E43EF0B2101E2312007A9CE7 /* NptFile.h */,
				E43EF0B3101E2312007A9CE7 /* NptHttp.cpp */,
				E43EF0B4101E2312007A9CE7 /* NptHttp.h */,
				E43EF0B5101E2312007A9CE7 /* NptInterfaces.h */,
				E43EF0B6101E2312007A9CE7 /* NptList.cpp */,
				E43EF0B7101E2312007A9CE7 /* NptList.h */,
				E43EF0B8101E2312007A9CE7 /* NptLogging.cpp */,
				E43EF0B9101E2312007A9CE7 /* NptLogging.h */,
				E43EF0BA101E2312007A9CE7 /* NptMap.h */,
				E43EF0BB101E2312007A9CE7 /* NptMessaging.cpp */,
				E43EF0BC101E2312007A9CE7 /* NptMessaging.h */,
				E43EF0BD101E2312007A9CE7 /* NptNetwork.cpp */,
				E43EF0BE101E2312007A9CE7 /* NptNetwork.h */,
				E43EF0BF101E2312007A9CE7 /* NptQueue.cpp */,
				E43EF0C0101E2312007A9CE7 /* NptQueue.h */,
				E43EF0C1101E2312007A9CE7 /* NptReferences.h */,
				E43EF0C2101E2312007A9CE7 /* NptResults.cpp */,
				E43EF0C3101E2312007A9CE7 /* NptResults.h */,
				E43EF0C4101E2312007A9CE7 /* NptRingBuffer.cpp */,
				E43EF0C5101E2312007A9CE7 /* NptRingBuffer.h */,
				E43EF0C6101E2312007A9CE7 /* NptSelectableMessageQueue.h */,
				E43EF0C7101E2312007A9CE7 /* NptSerialPort.h */,
				E43EF0C8101E2312007A9CE7 /* NptSimpleMessageQueue.cpp */,
				E43EF0C9101E2312007A9CE7 /* NptSimpleMessageQueue.h */,
				E43EF0CA101E2312007A9CE7 /* NptSockets.cpp */,
				E43EF0CB101E2312007A9CE7 /* NptSockets.h */,
				E43EF0CC101E2312007A9CE7 /* NptStack.h */,
				E43EF0CD101E2312007A9CE7 /* NptStreams.cpp */,
				E43EF0CE101E2312007A9CE7 /* NptStreams.h */,
				E43EF0CF101E2312007A9CE7 /* NptStrings.cpp */,
				E43EF0D0101E2312007A9CE7 /* NptStrings.h */,
				E43EF0D1101E2312007A9CE7 /* NptSystem.cpp */,
				E43EF0D2101E2312007A9CE7 /* NptSystem.h */,
				E43EF0D3101E2312007A9CE7 /* NptThreads.cpp */,
				E43EF0D4101E2312007A9CE7 /* NptThreads.h */,
				E43EF0D5101E2312007A9CE7 /* NptTime.cpp */,
				E43EF0D6101E2312007A9CE7 /* NptTime.h */,
				E43EF0D7101E2312007A9CE7 /* NptTls.cpp */,
				E43EF0D8101E2312007A9CE7 /* NptTls.h */,
				E43EF0D9101E2312007A9CE7 /* NptTypes.h */,
				E43EF0DA101E2312007A9CE7 /* NptUri.cpp */,
				E43EF0DB101E2312007A9CE7 /* NptUri.h */,
				E43EF0DC101E2312007A9CE7 /* NptUtils.cpp */,
				E43EF0DD101E2312007A9CE7 /* NptUtils.h */,
				E43EF0DE101E2312007A9CE7 /* NptVersion.h */,
				E43EF0DF101E2312007A9CE7 /* NptXml.cpp */,
				E43EF0E0101E2312007A9CE7 /* NptXml.h */,
				E43EF0E1101E2312007A9CE7 /* NptZip.cpp */,
				E43EF0E2101E2312007A9CE7 /* NptZip.h */,
			);
			name = Core;
			path = src/Neptune/Source/Core;
			sourceTree = "<group>";
		};
		E43EF0E3101E2312007A9CE7 /* System */ = {
			isa = PBXGroup;
			children = (
				E43EF0E6101E2312007A9CE7 /* Bsd */,
				E43EF0F3101E2312007A9CE7 /* Posix */,
				E43EF104101E2312007A9CE7 /* StdC */,
			);
			name = System;
			path = src/Neptune/Source/System;
			sourceTree = "<group>";
		};
		E43EF0E6101E2312007A9CE7 /* Bsd */ = {
			isa = PBXGroup;
			children = (
				E43EF0E7101E2312007A9CE7 /* NptBsdNetwork.cpp */,
				E43EF0E8101E2312007A9CE7 /* NptBsdSockets.cpp */,
			);
			path = Bsd;
			sourceTree = "<group>";
		};
		E43EF0F3101E2312007A9CE7 /* Posix */ = {
			isa = PBXGroup;
			children = (
				E43EF0F4101E2312007A9CE7 /* NptPosixDynamicLibraries.cpp */,
				E43EF0F5101E2312007A9CE7 /* NptPosixFile.cpp */,
				E43EF0F6101E2312007A9CE7 /* NptPosixNetwork.cpp */,
				E43EF0F7101E2312007A9CE7 /* NptPosixQueue.cpp */,
				E43EF0F8101E2312007A9CE7 /* NptPosixSystem.cpp */,
				E43EF0F9101E2312007A9CE7 /* NptPosixThreads.cpp */,
				E43EF0FA101E2312007A9CE7 /* NptSelectableMessageQueue.cpp */,
			);
			path = Posix;
			sourceTree = "<group>";
		};
		E43EF104101E2312007A9CE7 /* StdC */ = {
			isa = PBXGroup;
			children = (
				E43EF106101E2312007A9CE7 /* NptStdcDebug.cpp */,
				E43EF107101E2312007A9CE7 /* NptStdcEnvironment.cpp */,
				E43EF108101E2312007A9CE7 /* NptStdcFile.cpp */,
			);
			path = StdC;
			sourceTree = "<group>";
		};
		E45AAE490F1C6391009CEE37 /* Neptune */ = {
			isa = PBXGroup;
			children = (
				E43EF09B101E2312007A9CE7 /* Core */,
				E43EF0E3101E2312007A9CE7 /* System */,
			);
			name = Neptune;
			sourceTree = "<group>";
		};
		E45AAECA0F1C64DE009CEE37 /* Platinum */ = {
			isa = PBXGroup;
			children = (
				E43EEF56101E221F007A9CE7 /* Platinum */,
				E45AAF190F1C6508009CEE37 /* Devices */,
				E45AAECB0F1C64E4009CEE37 /* Core */,
			);
			name = Platinum;
			sourceTree = "<group>";
		};
		E45AAECB0F1C64E4009CEE37 /* Core */ = {
			isa = PBXGroup;
			children = (
				E4E0A0650FE9FE5B00CA6E83 /* PltConstants.cpp */,
				E4E0A0660FE9FE5B00CA6E83 /* PltConstants.h */,
				E4E0A0670FE9FE5B00CA6E83 /* PltIconsData.cpp */,
				E45AAECE0F1C64FA009CEE37 /* PltAction.cpp */,
				E45AAECF0F1C64FA009CEE37 /* PltAction.h */,
				E45AAED00F1C64FA009CEE37 /* PltArgument.cpp */,
				E45AAED10F1C64FA009CEE37 /* PltArgument.h */,
				E45AAED20F1C64FA009CEE37 /* PltCtrlPoint.cpp */,
				E45AAED30F1C64FA009CEE37 /* PltCtrlPoint.h */,
				E45AAED40F1C64FA009CEE37 /* PltCtrlPointTask.cpp */,
				E45AAED50F1C64FA009CEE37 /* PltCtrlPointTask.h */,
				E45AAED60F1C64FA009CEE37 /* PltDatagramStream.cpp */,
				E45AAED70F1C64FA009CEE37 /* PltDatagramStream.h */,
				E45AAED80F1C64FA009CEE37 /* PltDeviceData.cpp */,
				E45AAED90F1C64FA009CEE37 /* PltDeviceData.h */,
				E45AAEDA0F1C64FA009CEE37 /* PltDeviceHost.cpp */,
				E45AAEDB0F1C64FA009CEE37 /* PltDeviceHost.h */,
				E45AAEDC0F1C64FA009CEE37 /* PltDownloader.cpp */,
				E45AAEDD0F1C64FA009CEE37 /* PltDownloader.h */,
				E45AAEDE0F1C64FA009CEE37 /* PltEvent.cpp */,
				E45AAEDF0F1C64FA009CEE37 /* PltEvent.h */,
				E45AAEE00F1C64FA009CEE37 /* PltHttp.cpp */,
				E45AAEE10F1C64FA009CEE37 /* PltHttp.h */,
				E45AAEE20F1C64FA009CEE37 /* PltHttpClientTask.cpp */,
				E45AAEE30F1C64FA009CEE37 /* PltHttpClientTask.h */,
				E45AAEE40F1C64FA009CEE37 /* PltHttpServer.cpp */,
				E45AAEE50F1C64FA009CEE37 /* PltHttpServer.h */,
				E45AAEE60F1C64FA009CEE37 /* PltHttpServerListener.h */,
				E45AAEE70F1C64FA009CEE37 /* PltHttpServerTask.cpp */,
				E45AAEE80F1C64FA009CEE37 /* PltHttpServerTask.h */,
				E45AAEE90F1C64FA009CEE37 /* PltLeaks.cpp */,
				E45AAEEA0F1C64FA009CEE37 /* PltLeaks.h */,
				E45AAEEB0F1C64FA009CEE37 /* PltMetadataHandler.cpp */,
				E45AAEEC0F1C64FA009CEE37 /* PltMetadataHandler.h */,
				E45AAEED0F1C64FA009CEE37 /* PltRingBufferStream.cpp */,
				E45AAEEE0F1C64FA009CEE37 /* PltRingBufferStream.h */,
				E45AAEEF0F1C64FA009CEE37 /* PltService.cpp */,
				E45AAEF00F1C64FA009CEE37 /* PltService.h */,
				E45AAEF10F1C64FA009CEE37 /* PltSsdp.cpp */,
				E45AAEF20F1C64FA009CEE37 /* PltSsdp.h */,
				E45AAEF30F1C64FA009CEE37 /* PltSsdpListener.h */,
				E45AAEF40F1C64FA009CEE37 /* PltStateVariable.cpp */,
				E45AAEF50F1C64FA009CEE37 /* PltStateVariable.h */,
				E45AAEF60F1C64FA009CEE37 /* PltStreamPump.cpp */,
				E45AAEF70F1C64FA009CEE37 /* PltStreamPump.h */,
				E45AAEF80F1C64FA009CEE37 /* PltTaskManager.cpp */,
				E45AAEF90F1C64FA009CEE37 /* PltTaskManager.h */,
				E45AAEFA0F1C64FA009CEE37 /* PltThreadTask.cpp */,
				E45AAEFB0F1C64FA009CEE37 /* PltThreadTask.h */,
				E45AAEFC0F1C64FA009CEE37 /* PltUPnP.cpp */,
				E45AAEFD0F1C64FA009CEE37 /* PltUPnP.h */,
				E45AAEFE0F1C64FA009CEE37 /* PltUPnPHelper.h */,
				E45AAF000F1C64FA009CEE37 /* PltXmlHelper.h */,
			);
			name = Core;
			sourceTree = "<group>";
		};
		E45AAF190F1C6508009CEE37 /* Devices */ = {
			isa = PBXGroup;
			children = (
				E45AB0D20F1CAC7B009CEE37 /* PltFrameBuffer.cpp */,
				E45AB0D30F1CAC7B009CEE37 /* PltFrameBuffer.h */,
				E45AB0D40F1CAC7B009CEE37 /* PltFrameServer.cpp */,
				E45AB0D50F1CAC7B009CEE37 /* PltFrameServer.h */,
				E45AB0D60F1CAC7B009CEE37 /* PltFrameStream.cpp */,
				E45AB0D70F1CAC7B009CEE37 /* PltFrameStream.h */,
				E45AAF1A0F1C652A009CEE37 /* PltDidl.cpp */,
				E45AAF1B0F1C652A009CEE37 /* PltDidl.h */,
				E45AAF1C0F1C652A009CEE37 /* PltFileMediaServer.cpp */,
				E45AAF1D0F1C652A009CEE37 /* PltFileMediaServer.h */,
				E45AAF1E0F1C652A009CEE37 /* PltMediaBrowser.cpp */,
				E45AAF1F0F1C652A009CEE37 /* PltMediaBrowser.h */,
				E45AAF210F1C652A009CEE37 /* PltMediaCache.cpp */,
				E45AAF220F1C652A009CEE37 /* PltMediaCache.h */,
				E45AAF230F1C652A009CEE37 /* PltMediaItem.cpp */,
				E45AAF240F1C652A009CEE37 /* PltMediaItem.h */,
				E45AAF250F1C652A009CEE37 /* PltMediaPlaylist.cpp */,
				E45AAF260F1C652A009CEE37 /* PltMediaPlaylist.h */,
				E45AAF270F1C652A009CEE37 /* PltMediaServer.cpp */,
				E45AAF280F1C652A009CEE37 /* PltMediaServer.h */,
				E45AAF290F1C652A009CEE37 /* PltMediaServerSCPDs.cpp */,
				E45AAF2A0F1C652A009CEE37 /* PltSyncMediaBrowser.cpp */,
				E45AAF2B0F1C652A009CEE37 /* PltSyncMediaBrowser.h */,
			);
			name = Devices;
			sourceTree = "<group>";
		};
		E4D4F9BE0F0EB5F4001B3381 /* Sources */ = {
			isa = PBXGroup;
			children = (
				E45AB0280F1C963F009CEE37 /* Bonjour.h */,
				E45AB0360F1C9A4A009CEE37 /* Bonjour.mm */,
				E45AAF370F1C65A7009CEE37 /* main.mm */,
				E4D4F9C00F0EB60C001B3381 /* MPTVOutWindow.h */,
				E45AAE490F1C6391009CEE37 /* Neptune */,
				E45AAECA0F1C64DE009CEE37 /* Platinum */,
				E4D4F9C10F0EB60C001B3381 /* ScreenSplitrApplication.h */,
				E45AAF380F1C65A7009CEE37 /* ScreenSplitrApplication.mm */,
				E4D4F9C30F0EB60C001B3381 /* ScreenSplitrScreenView.h */,
				E45AAF390F1C65A7009CEE37 /* ScreenSplitrScreenView.mm */,
			);
			name = Sources;
			sourceTree = "<group>";
		};
/* End PBXGroup section */

/* Begin PBXNativeTarget section */
		1D6058900D05DD3D006BFB54 /* ScreenSplitr */ = {
			isa = PBXNativeTarget;
			buildConfigurationList = 1D6058960D05DD3E006BFB54 /* Build configuration list for PBXNativeTarget "ScreenSplitr" */;
			buildPhases = (
				1D60588D0D05DD3D006BFB54 /* Resources */,
				1D60588E0D05DD3D006BFB54 /* Sources */,
				1D60588F0D05DD3D006BFB54 /* Frameworks */,
				E4D4FA9D0F0F0572001B3381 /* ShellScript */,
			);
			buildRules = (
			);
			dependencies = (
			);
			name = ScreenSplitr;
			productName = ScreenSplitr;
			productReference = 1D6058910D05DD3D006BFB54 /* ScreenSplitr.app */;
			productType = "com.apple.product-type.application";
		};
/* End PBXNativeTarget section */

/* Begin PBXProject section */
		29B97313FDCFA39411CA2CEA /* Project object */ = {
			isa = PBXProject;
			buildConfigurationList = C01FCF4E08A954540054247B /* Build configuration list for PBXProject "ScreenSplitr" */;
			compatibilityVersion = "Xcode 3.1";
			hasScannedForEncodings = 1;
			mainGroup = 29B97314FDCFA39411CA2CEA /* CustomTemplate */;
			projectDirPath = "";
			projectRoot = "";
			targets = (
				1D6058900D05DD3D006BFB54 /* ScreenSplitr */,
			);
		};
/* End PBXProject section */

/* Begin PBXResourcesBuildPhase section */
		1D60588D0D05DD3D006BFB54 /* Resources */ = {
			isa = PBXResourcesBuildPhase;
			buildActionMask = 2147483647;
			files = (
				E414867D0F0E2FED00B5D7FB /* Default.png in Resources */,
				E414867E0F0E2FED00B5D7FB /* icon.png in Resources */,
				E4EA43FC0FF0B26900EE694B /* home.html in Resources */,
			);
			runOnlyForDeploymentPostprocessing = 0;
		};
/* End PBXResourcesBuildPhase section */

/* Begin PBXShellScriptBuildPhase section */
		E4D4FA9D0F0F0572001B3381 /* ShellScript */ = {
			isa = PBXShellScriptBuildPhase;
			buildActionMask = 2147483647;
			files = (
			);
			inputPaths = (
			);
			outputPaths = (
			);
			runOnlyForDeploymentPostprocessing = 0;
			shellPath = /bin/sh;
			shellScript = "";
		};
/* End PBXShellScriptBuildPhase section */

/* Begin PBXSourcesBuildPhase section */
		1D60588E0D05DD3D006BFB54 /* Sources */ = {
			isa = PBXSourcesBuildPhase;
			buildActionMask = 2147483647;
			files = (
				E45AAF020F1C64FA009CEE37 /* PltAction.cpp in Sources */,
				E45AAF030F1C64FA009CEE37 /* PltArgument.cpp in Sources */,
				E45AAF040F1C64FA009CEE37 /* PltCtrlPoint.cpp in Sources */,
				E45AAF050F1C64FA009CEE37 /* PltCtrlPointTask.cpp in Sources */,
				E45AAF060F1C64FA009CEE37 /* PltDatagramStream.cpp in Sources */,
				E45AAF070F1C64FA009CEE37 /* PltDeviceData.cpp in Sources */,
				E45AAF080F1C64FA009CEE37 /* PltDeviceHost.cpp in Sources */,
				E45AAF090F1C64FA009CEE37 /* PltDownloader.cpp in Sources */,
				E45AAF0A0F1C64FA009CEE37 /* PltEvent.cpp in Sources */,
				E45AAF0B0F1C64FA009CEE37 /* PltHttp.cpp in Sources */,
				E45AAF0C0F1C64FA009CEE37 /* PltHttpClientTask.cpp in Sources */,
				E45AAF0D0F1C64FA009CEE37 /* PltHttpServer.cpp in Sources */,
				E45AAF0E0F1C64FA009CEE37 /* PltHttpServerTask.cpp in Sources */,
				E45AAF0F0F1C64FA009CEE37 /* PltLeaks.cpp in Sources */,
				E45AAF100F1C64FA009CEE37 /* PltMetadataHandler.cpp in Sources */,
				E45AAF110F1C64FA009CEE37 /* PltRingBufferStream.cpp in Sources */,
				E45AAF120F1C64FA009CEE37 /* PltService.cpp in Sources */,
				E45AAF130F1C64FA009CEE37 /* PltSsdp.cpp in Sources */,
				E45AAF140F1C64FA009CEE37 /* PltStateVariable.cpp in Sources */,
				E45AAF150F1C64FA009CEE37 /* PltStreamPump.cpp in Sources */,
				E45AAF160F1C64FA009CEE37 /* PltTaskManager.cpp in Sources */,
				E45AAF170F1C64FA009CEE37 /* PltThreadTask.cpp in Sources */,
				E45AAF180F1C64FA009CEE37 /* PltUPnP.cpp in Sources */,
				E45AAF2C0F1C652A009CEE37 /* PltDidl.cpp in Sources */,
				E45AAF2D0F1C652A009CEE37 /* PltFileMediaServer.cpp in Sources */,
				E45AAF2E0F1C652A009CEE37 /* PltMediaBrowser.cpp in Sources */,
				E45AAF2F0F1C652A009CEE37 /* PltMediaCache.cpp in Sources */,
				E45AAF300F1C652A009CEE37 /* PltMediaItem.cpp in Sources */,
				E45AAF310F1C652A009CEE37 /* PltMediaPlaylist.cpp in Sources */,
				E45AAF320F1C652A009CEE37 /* PltMediaServer.cpp in Sources */,
				E45AAF330F1C652A009CEE37 /* PltMediaServerSCPDs.cpp in Sources */,
				E45AAF340F1C652A009CEE37 /* PltSyncMediaBrowser.cpp in Sources */,
				E45AAF3A0F1C65A7009CEE37 /* main.mm in Sources */,
				E45AAF3B0F1C65A7009CEE37 /* ScreenSplitrApplication.mm in Sources */,
				E45AB0370F1C9A4A009CEE37 /* Bonjour.mm in Sources */,
				E45AB0D80F1CAC7B009CEE37 /* PltFrameBuffer.cpp in Sources */,
				E45AB0D90F1CAC7B009CEE37 /* PltFrameServer.cpp in Sources */,
				E45AB0DA0F1CAC7B009CEE37 /* PltFrameStream.cpp in Sources */,
				E4E0A0680FE9FE5B00CA6E83 /* PltConstants.cpp in Sources */,
				E4E0A0690FE9FE5B00CA6E83 /* PltIconsData.cpp in Sources */,
				E4EA44720FF0BADE00EE694B /* ScreenSplitrScreenView.mm in Sources */,
				E43EF122101E2312007A9CE7 /* Neptune.cpp in Sources */,
				E43EF123101E2312007A9CE7 /* NptBase64.cpp in Sources */,
				E43EF124101E2312007A9CE7 /* NptBufferedStreams.cpp in Sources */,
				E43EF125101E2312007A9CE7 /* NptCommon.cpp in Sources */,
				E43EF126101E2312007A9CE7 /* NptConsole.cpp in Sources */,
				E43EF127101E2312007A9CE7 /* NptDataBuffer.cpp in Sources */,
				E43EF128101E2312007A9CE7 /* NptDebug.cpp in Sources */,
				E43EF129101E2312007A9CE7 /* NptDynamicLibraries.cpp in Sources */,
				E43EF12A101E2312007A9CE7 /* NptFile.cpp in Sources */,
				E43EF12B101E2312007A9CE7 /* NptHttp.cpp in Sources */,
				E43EF12C101E2312007A9CE7 /* NptList.cpp in Sources */,
				E43EF12D101E2312007A9CE7 /* NptLogging.cpp in Sources */,
				E43EF12E101E2312007A9CE7 /* NptMessaging.cpp in Sources */,
				E43EF12F101E2312007A9CE7 /* NptNetwork.cpp in Sources */,
				E43EF130101E2312007A9CE7 /* NptQueue.cpp in Sources */,
				E43EF131101E2312007A9CE7 /* NptResults.cpp in Sources */,
				E43EF132101E2312007A9CE7 /* NptRingBuffer.cpp in Sources */,
				E43EF133101E2312007A9CE7 /* NptSimpleMessageQueue.cpp in Sources */,
				E43EF134101E2312007A9CE7 /* NptSockets.cpp in Sources */,
				E43EF135101E2312007A9CE7 /* NptStreams.cpp in Sources */,
				E43EF136101E2312007A9CE7 /* NptStrings.cpp in Sources */,
				E43EF137101E2312007A9CE7 /* NptSystem.cpp in Sources */,
				E43EF138101E2312007A9CE7 /* NptThreads.cpp in Sources */,
				E43EF139101E2312007A9CE7 /* NptTime.cpp in Sources */,
				E43EF13A101E2312007A9CE7 /* NptTls.cpp in Sources */,
				E43EF13B101E2312007A9CE7 /* NptUri.cpp in Sources */,
				E43EF13C101E2312007A9CE7 /* NptUtils.cpp in Sources */,
				E43EF13D101E2312007A9CE7 /* NptXml.cpp in Sources */,
				E43EF13E101E2312007A9CE7 /* NptZip.cpp in Sources */,
				E43EF140101E2312007A9CE7 /* NptBsdNetwork.cpp in Sources */,
				E43EF141101E2312007A9CE7 /* NptBsdSockets.cpp in Sources */,
				E43EF149101E2312007A9CE7 /* NptPosixDynamicLibraries.cpp in Sources */,
				E43EF14A101E2312007A9CE7 /* NptPosixFile.cpp in Sources */,
				E43EF14B101E2312007A9CE7 /* NptPosixNetwork.cpp in Sources */,
				E43EF14C101E2312007A9CE7 /* NptPosixQueue.cpp in Sources */,
				E43EF14D101E2312007A9CE7 /* NptPosixSystem.cpp in Sources */,
				E43EF14E101E2312007A9CE7 /* NptPosixThreads.cpp in Sources */,
				E43EF14F101E2312007A9CE7 /* NptSelectableMessageQueue.cpp in Sources */,
				E43EF158101E2312007A9CE7 /* NptStdcDebug.cpp in Sources */,
				E43EF159101E2312007A9CE7 /* NptStdcEnvironment.cpp in Sources */,
				E43EF15A101E2312007A9CE7 /* NptStdcFile.cpp in Sources */,
			);
			runOnlyForDeploymentPostprocessing = 0;
		};
/* End PBXSourcesBuildPhase section */

/* Begin XCBuildConfiguration section */
		1D6058940D05DD3E006BFB54 /* Debug */ = {
			isa = XCBuildConfiguration;
			buildSettings = {
				ALWAYS_SEARCH_USER_PATHS = NO;
				CODE_SIGN_IDENTITY = "iPhone Developer: Sylvain Rebaud (6P38YKF298)";
				COPY_PHASE_STRIP = NO;
				FRAMEWORK_SEARCH_PATHS = (
					"$(inherited)",
					"\"$(SDKROOT)$(SYSTEM_LIBRARY_DIR)/PrivateFrameworks\"",
				);
				GCC_DYNAMIC_NO_PIC = YES;
				GCC_ENABLE_FIX_AND_CONTINUE = NO;
				GCC_ENABLE_SYMBOL_SEPARATION = YES;
				GCC_INLINES_ARE_PRIVATE_EXTERN = YES;
				GCC_OPTIMIZATION_LEVEL = 0;
				GCC_PRECOMPILE_PREFIX_HEADER = YES;
				GCC_PREFIX_HEADER = ScreenSplitr_Prefix.pch;
				GCC_SYMBOLS_PRIVATE_EXTERN = YES;
				GCC_VERSION = 4.0;
				HEADER_SEARCH_PATHS = "";
				INFOPLIST_FILE = Info.plist;
				IPHONEOS_DEPLOYMENT_TARGET = 2.2;
				OTHER_CFLAGS = (
					"-I/Developer/Platforms/iPhoneOS.platform/Developer/SDKs/iPhoneOS3.0.sdk/usr/include",
					"-I/Developer/Platforms/iPhoneOS.platform/Developer/usr/lib/gcc/arm-apple-darwin9/4.0.1/include",
					"-F/Developer/Platforms/iPhoneOS.platform/Developer/SDKs/iPhoneOS3.0.sdk/System/Library/PrivateFrameworks",
				);
				PRODUCT_NAME = ScreenSplitr;
				PROVISIONING_PROFILE = "3E183889-6E77-40EC-8ABE-60E470989983";
				SDKROOT = iphoneos3.0;
			};
			name = Debug;
		};
		1D6058950D05DD3E006BFB54 /* Release */ = {
			isa = XCBuildConfiguration;
			buildSettings = {
				ALWAYS_SEARCH_USER_PATHS = NO;
				CODE_SIGN_IDENTITY = "iPhone Developer: Sylvain Rebaud (6P38YKF298)";
				COPY_PHASE_STRIP = YES;
				FRAMEWORK_SEARCH_PATHS = (
					"$(inherited)",
					"\"$(SDKROOT)$(SYSTEM_LIBRARY_DIR)/PrivateFrameworks\"",
				);
				GCC_PRECOMPILE_PREFIX_HEADER = YES;
				GCC_PREFIX_HEADER = ScreenSplitr_Prefix.pch;
				INFOPLIST_FILE = Info.plist;
				OTHER_CFLAGS = (
					"-I/Developer/Platforms/iPhoneOS.platform/Developer/SDKs/iPhoneOS3.0.sdk/usr/include",
					"-I/Developer/Platforms/iPhoneOS.platform/Developer/usr/lib/gcc/arm-apple-darwin9/4.0.1/include",
					"-F/Developer/Platforms/iPhoneOS.platform/Developer/SDKs/iPhoneOS3.0.sdk/System/Library/PrivateFrameworks",
				);
				PRODUCT_NAME = ScreenSplitr;
				PROVISIONING_PROFILE = "3E183889-6E77-40EC-8ABE-60E470989983";
			};
			name = Release;
		};
		C01FCF4F08A954540054247B /* Debug */ = {
			isa = XCBuildConfiguration;
			buildSettings = {
				ALWAYS_SEARCH_USER_PATHS = NO;
				ARCHS = "$(ARCHS_STANDARD_32_BIT)";
				CODE_SIGN_IDENTITY = "iPhone Developer: Sylvain Rebaud (6P38YKF298)";
				COPY_PHASE_STRIP = NO;
				DEAD_CODE_STRIPPING = NO;
				GCC_C_LANGUAGE_STANDARD = c99;
				GCC_ENABLE_SYMBOL_SEPARATION = NO;
				GCC_PREPROCESSOR_DEFINITIONS = (
					NPT_CONFIG_ENABLE_LOGGING,
					NPT_DEBUG,
				);
				GCC_USE_GCC3_PFE_SUPPORT = NO;
				GCC_VERSION = 4.0;
				GCC_WARN_ABOUT_RETURN_TYPE = YES;
				GCC_WARN_UNUSED_VARIABLE = YES;
				IPHONEOS_DEPLOYMENT_TARGET = 2.2;
				ONLY_ACTIVE_ARCH = NO;
				OTHER_CFLAGS = (
					"-I/Developer/Platforms/iPhoneOS.platform/Developer/SDKs/iPhoneOS3.0.sdk/usr/include",
					"-I/Developer/Platforms/iPhoneOS.platform/Developer/usr/lib/gcc/arm-apple-darwin9/4.0.1/include",
					"-F/Developer/Platforms/iPhoneOS.platform/Developer/SDKs/iPhoneOS3.0.sdk/System/Library/PrivateFrameworks",
				);
				OTHER_LDFLAGS = (
					"-undefined",
					suppress,
					"-force_flat_namespace",
				);
				PREBINDING = NO;
				PRECOMPS_INCLUDE_HEADERS_FROM_BUILT_PRODUCTS_DIR = NO;
				PROVISIONING_PROFILE = "3E183889-6E77-40EC-8ABE-60E470989983";
				SDKROOT = iphoneos3.0;
				STRIP_INSTALLED_PRODUCT = NO;
			};
			name = Debug;
		};
		C01FCF5008A954540054247B /* Release */ = {
			isa = XCBuildConfiguration;
			buildSettings = {
				ARCHS = "$(ARCHS_STANDARD_32_BIT)";
				CODE_SIGN_IDENTITY = "iPhone Developer: Sylvain Rebaud (6P38YKF298)";
				CODE_SIGN_RESOURCE_RULES_PATH = "";
				GCC_C_LANGUAGE_STANDARD = "compiler-default";
				GCC_VERSION = 4.0;
				GCC_WARN_ABOUT_RETURN_TYPE = NO;
				GCC_WARN_UNUSED_VARIABLE = YES;
				IPHONEOS_DEPLOYMENT_TARGET = 2.2;
				ONLY_ACTIVE_ARCH = NO;
				OTHER_CFLAGS = (
					"-I/Developer/Platforms/iPhoneOS.platform/Developer/SDKs/iPhoneOS3.0.sdk/usr/include",
					"-I/Developer/Platforms/iPhoneOS.platform/Developer/usr/lib/gcc/arm-apple-darwin9/4.0.1/include",
					"-F/Developer/Platforms/iPhoneOS.platform/Developer/SDKs/iPhoneOS3.0.sdk/System/Library/PrivateFrameworks",
				);
				OTHER_LDFLAGS = (
					"-undefined",
					suppress,
					"-force_flat_namespace",
				);
				PREBINDING = NO;
				PROVISIONING_PROFILE = "3E183889-6E77-40EC-8ABE-60E470989983";
				SDKROOT = iphoneos3.0;
			};
			name = Release;
		};
/* End XCBuildConfiguration section */

/* Begin XCConfigurationList section */
		1D6058960D05DD3E006BFB54 /* Build configuration list for PBXNativeTarget "ScreenSplitr" */ = {
			isa = XCConfigurationList;
			buildConfigurations = (
				1D6058940D05DD3E006BFB54 /* Debug */,
				1D6058950D05DD3E006BFB54 /* Release */,
			);
			defaultConfigurationIsVisible = 0;
			defaultConfigurationName = Release;
		};
		C01FCF4E08A954540054247B /* Build configuration list for PBXProject "ScreenSplitr" */ = {
			isa = XCConfigurationList;
			buildConfigurations = (
				C01FCF4F08A954540054247B /* Debug */,
				C01FCF5008A954540054247B /* Release */,
			);
			defaultConfigurationIsVisible = 0;
			defaultConfigurationName = Release;
		};
/* End XCConfigurationList section */
	};
	rootObject = 29B97313FDCFA39411CA2CEA /* Project object */;
}
